
Microsoft Visual Studio Solution File, Format Version 12.00
# Visual Studio 14
VisualStudioVersion = 14.0.25420.1
MinimumVisualStudioVersion = 10.0.40219.1
Project("{FAE04EC0-301F-11D3-BF4B-00C04F79EFBC}") = "ILRuntime", "ILRuntime\ILRuntime.csproj", "{79EF2F29-89D1-4097-986C-5E4EEFE0FA33}"
EndProject
Project("{FAE04EC0-301F-11D3-BF4B-00C04F79EFBC}") = "Mono.Cecil.20", "Mono.Cecil.20\Mono.Cecil.20.csproj", "{D3785D8B-4D85-4546-8763-47FC848C13E0}"
EndProject
Project("{FAE04EC0-301F-11D3-BF4B-00C04F79EFBC}") = "Mono.Cecil.Mdb", "Mono.Cecil.Mdb\Mono.Cecil.Mdb.csproj", "{86F36240-E07C-4840-9C8B-9CD94C03EC62}"
EndProject
Project("{FAE04EC0-301F-11D3-BF4B-00C04F79EFBC}") = "Mono.Cecil.Pdb", "Mono.Cecil.Pdb\Mono.Cecil.Pdb.csproj", "{CEA7A85F-2523-4AD0-8296-6E8E0A2E6DF7}"
EndProject
Project("{FAE04EC0-301F-11D3-BF4B-00C04F79EFBC}") = "ILRuntimeTest", "ILRuntimeTest\ILRuntimeTest.csproj", "{E6DD179D-FA31-4425-BDE1-9DD0BE0A9BE1}"
EndProject
Project("{2150E333-8FDC-42A3-9474-1A3956D46DE8}") = "TestCase", "TestCase", "{FA42778E-C31B-49E8-A235-9C69EECD9427}"
EndProject
Project("{FAE04EC0-301F-11D3-BF4B-00C04F79EFBC}") = "TestCases", "TestCases\TestCases.csproj", "{BC2C44FC-17FE-4C58-AEEB-FA1CEAF78F55}"
EndProject
Project("{FAE04EC0-301F-11D3-BF4B-00C04F79EFBC}") = "CodeGenerationTools", "CodeGenerationTools\CodeGenerationTools.csproj", "{CFDF647B-9EA9-4967-9996-C33E295239F8}"
EndProject
Project("{2150E333-8FDC-42A3-9474-1A3956D46DE8}") = "Debugging", "Debugging", "{78227E23-29CF-4658-969E-1965210A11AE}"
EndProject
Project("{FAE04EC0-301F-11D3-BF4B-00C04F79EFBC}") = "ILRuntimeDebuggerLauncher", "Debugging\ILRuntimeDebuggerLauncher\ILRuntimeDebuggerLauncher.csproj", "{2455AAFB-521F-484F-B00D-8A9BB7377A5E}"
EndProject
Project("{FAE04EC0-301F-11D3-BF4B-00C04F79EFBC}") = "ILRuntimeDebugEngine", "Debugging\ILRuntimeDebugEngine\ILRuntimeDebugEngine.csproj", "{217AE15B-840C-4F8F-93CD-9D331AA4C81A}"
EndProject
Project("{FAE04EC0-301F-11D3-BF4B-00C04F79EFBC}") = "LitJson", "LitJson\LitJson.csproj", "{BEC78343-4BA2-4757-807F-7CDBF1F70C83}"
EndProject
Global
	GlobalSection(SolutionConfigurationPlatforms) = preSolution
		Debug|Any CPU = Debug|Any CPU
		Release|Any CPU = Release|Any CPU
	EndGlobalSection
	GlobalSection(ProjectConfigurationPlatforms) = postSolution
		{79EF2F29-89D1-4097-986C-5E4EEFE0FA33}.Debug|Any CPU.ActiveCfg = Debug|Any CPU
		{79EF2F29-89D1-4097-986C-5E4EEFE0FA33}.Debug|Any CPU.Build.0 = Debug|Any CPU
		{79EF2F29-89D1-4097-986C-5E4EEFE0FA33}.Release|Any CPU.ActiveCfg = Release|Any CPU
		{79EF2F29-89D1-4097-986C-5E4EEFE0FA33}.Release|Any CPU.Build.0 = Release|Any CPU
		{D3785D8B-4D85-4546-8763-47FC848C13E0}.Debug|Any CPU.ActiveCfg = Debug|Any CPU
		{D3785D8B-4D85-4546-8763-47FC848C13E0}.Debug|Any CPU.Build.0 = Debug|Any CPU
		{D3785D8B-4D85-4546-8763-47FC848C13E0}.Release|Any CPU.ActiveCfg = Release|Any CPU
		{D3785D8B-4D85-4546-8763-47FC848C13E0}.Release|Any CPU.Build.0 = Release|Any CPU
		{86F36240-E07C-4840-9C8B-9CD94C03EC62}.Debug|Any CPU.ActiveCfg = Debug|Any CPU
		{86F36240-E07C-4840-9C8B-9CD94C03EC62}.Debug|Any CPU.Build.0 = Debug|Any CPU
		{86F36240-E07C-4840-9C8B-9CD94C03EC62}.Release|Any CPU.ActiveCfg = Release|Any CPU
		{86F36240-E07C-4840-9C8B-9CD94C03EC62}.Release|Any CPU.Build.0 = Release|Any CPU
		{CEA7A85F-2523-4AD0-8296-6E8E0A2E6DF7}.Debug|Any CPU.ActiveCfg = Debug|Any CPU
		{CEA7A85F-2523-4AD0-8296-6E8E0A2E6DF7}.Debug|Any CPU.Build.0 = Debug|Any CPU
		{CEA7A85F-2523-4AD0-8296-6E8E0A2E6DF7}.Release|Any CPU.ActiveCfg = Release|Any CPU
		{CEA7A85F-2523-4AD0-8296-6E8E0A2E6DF7}.Release|Any CPU.Build.0 = Release|Any CPU
		{E6DD179D-FA31-4425-BDE1-9DD0BE0A9BE1}.Debug|Any CPU.ActiveCfg = Debug|Any CPU
		{E6DD179D-FA31-4425-BDE1-9DD0BE0A9BE1}.Debug|Any CPU.Build.0 = Debug|Any CPU
		{E6DD179D-FA31-4425-BDE1-9DD0BE0A9BE1}.Release|Any CPU.ActiveCfg = Release|Any CPU
		{E6DD179D-FA31-4425-BDE1-9DD0BE0A9BE1}.Release|Any CPU.Build.0 = Release|Any CPU
		{BC2C44FC-17FE-4C58-AEEB-FA1CEAF78F55}.Debug|Any CPU.ActiveCfg = Debug|Any CPU
		{BC2C44FC-17FE-4C58-AEEB-FA1CEAF78F55}.Debug|Any CPU.Build.0 = Debug|Any CPU
		{BC2C44FC-17FE-4C58-AEEB-FA1CEAF78F55}.Release|Any CPU.ActiveCfg = Release|Any CPU
		{BC2C44FC-17FE-4C58-AEEB-FA1CEAF78F55}.Release|Any CPU.Build.0 = Release|Any CPU
		{CFDF647B-9EA9-4967-9996-C33E295239F8}.Debug|Any CPU.ActiveCfg = Debug|Any CPU
		{CFDF647B-9EA9-4967-9996-C33E295239F8}.Debug|Any CPU.Build.0 = Debug|Any CPU
		{CFDF647B-9EA9-4967-9996-C33E295239F8}.Release|Any CPU.ActiveCfg = Release|Any CPU
		{CFDF647B-9EA9-4967-9996-C33E295239F8}.Release|Any CPU.Build.0 = Release|Any CPU
		{2455AAFB-521F-484F-B00D-8A9BB7377A5E}.Debug|Any CPU.ActiveCfg = Debug|Any CPU
		{2455AAFB-521F-484F-B00D-8A9BB7377A5E}.Debug|Any CPU.Build.0 = Debug|Any CPU
		{2455AAFB-521F-484F-B00D-8A9BB7377A5E}.Release|Any CPU.ActiveCfg = Release|Any CPU
		{2455AAFB-521F-484F-B00D-8A9BB7377A5E}.Release|Any CPU.Build.0 = Release|Any CPU
		{217AE15B-840C-4F8F-93CD-9D331AA4C81A}.Debug|Any CPU.ActiveCfg = Debug|Any CPU
		{217AE15B-840C-4F8F-93CD-9D331AA4C81A}.Debug|Any CPU.Build.0 = Debug|Any CPU
		{217AE15B-840C-4F8F-93CD-9D331AA4C81A}.Release|Any CPU.ActiveCfg = Release|Any CPU
		{217AE15B-840C-4F8F-93CD-9D331AA4C81A}.Release|Any CPU.Build.0 = Release|Any CPU
		{BEC78343-4BA2-4757-807F-7CDBF1F70C83}.Debug|Any CPU.ActiveCfg = Debug|Any CPU
		{BEC78343-4BA2-4757-807F-7CDBF1F70C83}.Debug|Any CPU.Build.0 = Debug|Any CPU
		{BEC78343-4BA2-4757-807F-7CDBF1F70C83}.Release|Any CPU.ActiveCfg = Release|Any CPU
		{BEC78343-4BA2-4757-807F-7CDBF1F70C83}.Release|Any CPU.Build.0 = Release|Any CPU
	EndGlobalSection
	GlobalSection(SolutionProperties) = preSolution
		HideSolutionNode = FALSE
	EndGlobalSection
	GlobalSection(NestedProjects) = preSolution
		{BC2C44FC-17FE-4C58-AEEB-FA1CEAF78F55} = {FA42778E-C31B-49E8-A235-9C69EECD9427}
		{2455AAFB-521F-484F-B00D-8A9BB7377A5E} = {78227E23-29CF-4658-969E-1965210A11AE}
		{217AE15B-840C-4F8F-93CD-9D331AA4C81A} = {78227E23-29CF-4658-969E-1965210A11AE}
	EndGlobalSection
EndGlobal
