
Microsoft Visual Studio Solution File, Format Version 12.00
# Visual Studio Version 16
VisualStudioVersion = 16.0.30011.22
MinimumVisualStudioVersion = 10.0.40219.1
Project("{2150E333-8FDC-42A3-9474-1A3956D46DE8}") = "TestCase", "TestCase", "{FA42778E-C31B-49E8-A235-9C69EECD9427}"
EndProject
Project("{2150E333-8FDC-42A3-9474-1A3956D46DE8}") = "Debugging", "Debugging", "{78227E23-29CF-4658-969E-1965210A11AE}"
EndProject
Project("{FAE04EC0-301F-11D3-BF4B-00C04F79EFBC}") = "ILRuntime", "ILRuntime\ILRuntime.csproj", "{79EF2F29-89D1-4097-986C-5E4EEFE0FA33}"
EndProject
Project("{FAE04EC0-301F-11D3-BF4B-00C04F79EFBC}") = "ILRuntimeTest", "ILRuntimeTest\ILRuntimeTest.csproj", "{E6DD179D-FA31-4425-BDE1-9DD0BE0A9BE1}"
EndProject
Project("{FAE04EC0-301F-11D3-BF4B-00C04F79EFBC}") = "TestCases", "TestCases\TestCases.csproj", "{BC2C44FC-17FE-4C58-AEEB-FA1CEAF78F55}"
EndProject
Project("{FAE04EC0-301F-11D3-BF4B-00C04F79EFBC}") = "ILRuntimeDebuggerLauncher", "Debugging\ILRuntimeDebuggerLauncher\ILRuntimeDebuggerLauncher.csproj", "{2455AAFB-521F-484F-B00D-8A9BB7377A5E}"
EndProject
Project("{FAE04EC0-301F-11D3-BF4B-00C04F79EFBC}") = "ILRuntimeDebugEngine", "Debugging\ILRuntimeDebugEngine\ILRuntimeDebugEngine.csproj", "{217AE15B-840C-4F8F-93CD-9D331AA4C81A}"
EndProject
Project("{FAE04EC0-301F-11D3-BF4B-00C04F79EFBC}") = "LitJson", "LitJson\LitJson.csproj", "{BEC78343-4BA2-4757-807F-7CDBF1F70C83}"
EndProject
Global
	GlobalSection(SolutionConfigurationPlatforms) = preSolution
		Debug|Any CPU = Debug|Any CPU
		net_3_5_Debug_ReadOnly|Any CPU = net_3_5_Debug_ReadOnly|Any CPU
		net_3_5_Debug|Any CPU = net_3_5_Debug|Any CPU
		net_3_5_Release_ReadOnly|Any CPU = net_3_5_Release_ReadOnly|Any CPU
		net_3_5_Release|Any CPU = net_3_5_Release|Any CPU
		net_4_0_Debug_ReadOnly|Any CPU = net_4_0_Debug_ReadOnly|Any CPU
		net_4_0_Debug|Any CPU = net_4_0_Debug|Any CPU
		net_4_0_Release_ReadOnly|Any CPU = net_4_0_Release_ReadOnly|Any CPU
		net_4_0_Release|Any CPU = net_4_0_Release|Any CPU
		net_462_Debug_ReadOnly|Any CPU = net_462_Debug_ReadOnly|Any CPU
		net_462_Debug|Any CPU = net_462_Debug|Any CPU
		net_462_Release_ReadOnly|Any CPU = net_462_Release_ReadOnly|Any CPU
		net_462_Release|Any CPU = net_462_Release|Any CPU
		netstandard_Debug_ReadOnly|Any CPU = netstandard_Debug_ReadOnly|Any CPU
		netstandard_Debug|Any CPU = netstandard_Debug|Any CPU
		netstandard_Release_ReadOnly|Any CPU = netstandard_Release_ReadOnly|Any CPU
		netstandard_Release|Any CPU = netstandard_Release|Any CPU
		Release|Any CPU = Release|Any CPU
	EndGlobalSection
	GlobalSection(ProjectConfigurationPlatforms) = postSolution
		{79EF2F29-89D1-4097-986C-5E4EEFE0FA33}.Debug|Any CPU.ActiveCfg = Debug|Any CPU
		{79EF2F29-89D1-4097-986C-5E4EEFE0FA33}.Debug|Any CPU.Build.0 = Debug|Any CPU
		{79EF2F29-89D1-4097-986C-5E4EEFE0FA33}.net_3_5_Debug_ReadOnly|Any CPU.ActiveCfg = Debug|Any CPU
		{79EF2F29-89D1-4097-986C-5E4EEFE0FA33}.net_3_5_Debug_ReadOnly|Any CPU.Build.0 = Debug|Any CPU
		{79EF2F29-89D1-4097-986C-5E4EEFE0FA33}.net_3_5_Debug|Any CPU.ActiveCfg = Debug|Any CPU
		{79EF2F29-89D1-4097-986C-5E4EEFE0FA33}.net_3_5_Debug|Any CPU.Build.0 = Debug|Any CPU
		{79EF2F29-89D1-4097-986C-5E4EEFE0FA33}.net_3_5_Release_ReadOnly|Any CPU.ActiveCfg = Release|Any CPU
		{79EF2F29-89D1-4097-986C-5E4EEFE0FA33}.net_3_5_Release_ReadOnly|Any CPU.Build.0 = Release|Any CPU
		{79EF2F29-89D1-4097-986C-5E4EEFE0FA33}.net_3_5_Release|Any CPU.ActiveCfg = Release|Any CPU
		{79EF2F29-89D1-4097-986C-5E4EEFE0FA33}.net_3_5_Release|Any CPU.Build.0 = Release|Any CPU
		{79EF2F29-89D1-4097-986C-5E4EEFE0FA33}.net_4_0_Debug_ReadOnly|Any CPU.ActiveCfg = Debug|Any CPU
		{79EF2F29-89D1-4097-986C-5E4EEFE0FA33}.net_4_0_Debug_ReadOnly|Any CPU.Build.0 = Debug|Any CPU
		{79EF2F29-89D1-4097-986C-5E4EEFE0FA33}.net_4_0_Debug|Any CPU.ActiveCfg = Debug|Any CPU
		{79EF2F29-89D1-4097-986C-5E4EEFE0FA33}.net_4_0_Debug|Any CPU.Build.0 = Debug|Any CPU
		{79EF2F29-89D1-4097-986C-5E4EEFE0FA33}.net_4_0_Release_ReadOnly|Any CPU.ActiveCfg = Release|Any CPU
		{79EF2F29-89D1-4097-986C-5E4EEFE0FA33}.net_4_0_Release_ReadOnly|Any CPU.Build.0 = Release|Any CPU
		{79EF2F29-89D1-4097-986C-5E4EEFE0FA33}.net_4_0_Release|Any CPU.ActiveCfg = Release|Any CPU
		{79EF2F29-89D1-4097-986C-5E4EEFE0FA33}.net_4_0_Release|Any CPU.Build.0 = Release|Any CPU
		{79EF2F29-89D1-4097-986C-5E4EEFE0FA33}.net_462_Debug_ReadOnly|Any CPU.ActiveCfg = Debug|Any CPU
		{79EF2F29-89D1-4097-986C-5E4EEFE0FA33}.net_462_Debug_ReadOnly|Any CPU.Build.0 = Debug|Any CPU
		{79EF2F29-89D1-4097-986C-5E4EEFE0FA33}.net_462_Debug|Any CPU.ActiveCfg = Debug|Any CPU
		{79EF2F29-89D1-4097-986C-5E4EEFE0FA33}.net_462_Debug|Any CPU.Build.0 = Debug|Any CPU
		{79EF2F29-89D1-4097-986C-5E4EEFE0FA33}.net_462_Release_ReadOnly|Any CPU.ActiveCfg = Release|Any CPU
		{79EF2F29-89D1-4097-986C-5E4EEFE0FA33}.net_462_Release_ReadOnly|Any CPU.Build.0 = Release|Any CPU
		{79EF2F29-89D1-4097-986C-5E4EEFE0FA33}.net_462_Release|Any CPU.ActiveCfg = Release|Any CPU
		{79EF2F29-89D1-4097-986C-5E4EEFE0FA33}.net_462_Release|Any CPU.Build.0 = Release|Any CPU
		{79EF2F29-89D1-4097-986C-5E4EEFE0FA33}.netstandard_Debug_ReadOnly|Any CPU.ActiveCfg = Debug|Any CPU
		{79EF2F29-89D1-4097-986C-5E4EEFE0FA33}.netstandard_Debug_ReadOnly|Any CPU.Build.0 = Debug|Any CPU
		{79EF2F29-89D1-4097-986C-5E4EEFE0FA33}.netstandard_Debug|Any CPU.ActiveCfg = Debug|Any CPU
		{79EF2F29-89D1-4097-986C-5E4EEFE0FA33}.netstandard_Debug|Any CPU.Build.0 = Debug|Any CPU
		{79EF2F29-89D1-4097-986C-5E4EEFE0FA33}.netstandard_Release_ReadOnly|Any CPU.ActiveCfg = Release|Any CPU
		{79EF2F29-89D1-4097-986C-5E4EEFE0FA33}.netstandard_Release_ReadOnly|Any CPU.Build.0 = Release|Any CPU
		{79EF2F29-89D1-4097-986C-5E4EEFE0FA33}.netstandard_Release|Any CPU.ActiveCfg = Release|Any CPU
		{79EF2F29-89D1-4097-986C-5E4EEFE0FA33}.netstandard_Release|Any CPU.Build.0 = Release|Any CPU
		{79EF2F29-89D1-4097-986C-5E4EEFE0FA33}.Release|Any CPU.ActiveCfg = Release|Any CPU
		{79EF2F29-89D1-4097-986C-5E4EEFE0FA33}.Release|Any CPU.Build.0 = Release|Any CPU
		{E6DD179D-FA31-4425-BDE1-9DD0BE0A9BE1}.Debug|Any CPU.ActiveCfg = Debug|Any CPU
		{E6DD179D-FA31-4425-BDE1-9DD0BE0A9BE1}.Debug|Any CPU.Build.0 = Debug|Any CPU
		{E6DD179D-FA31-4425-BDE1-9DD0BE0A9BE1}.net_3_5_Debug_ReadOnly|Any CPU.ActiveCfg = Debug|Any CPU
		{E6DD179D-FA31-4425-BDE1-9DD0BE0A9BE1}.net_3_5_Debug_ReadOnly|Any CPU.Build.0 = Debug|Any CPU
		{E6DD179D-FA31-4425-BDE1-9DD0BE0A9BE1}.net_3_5_Debug|Any CPU.ActiveCfg = Debug|Any CPU
		{E6DD179D-FA31-4425-BDE1-9DD0BE0A9BE1}.net_3_5_Debug|Any CPU.Build.0 = Debug|Any CPU
		{E6DD179D-FA31-4425-BDE1-9DD0BE0A9BE1}.net_3_5_Release_ReadOnly|Any CPU.ActiveCfg = Release|Any CPU
		{E6DD179D-FA31-4425-BDE1-9DD0BE0A9BE1}.net_3_5_Release_ReadOnly|Any CPU.Build.0 = Release|Any CPU
		{E6DD179D-FA31-4425-BDE1-9DD0BE0A9BE1}.net_3_5_Release|Any CPU.ActiveCfg = Release|Any CPU
		{E6DD179D-FA31-4425-BDE1-9DD0BE0A9BE1}.net_3_5_Release|Any CPU.Build.0 = Release|Any CPU
		{E6DD179D-FA31-4425-BDE1-9DD0BE0A9BE1}.net_4_0_Debug_ReadOnly|Any CPU.ActiveCfg = Debug|Any CPU
		{E6DD179D-FA31-4425-BDE1-9DD0BE0A9BE1}.net_4_0_Debug_ReadOnly|Any CPU.Build.0 = Debug|Any CPU
		{E6DD179D-FA31-4425-BDE1-9DD0BE0A9BE1}.net_4_0_Debug|Any CPU.ActiveCfg = Debug|Any CPU
		{E6DD179D-FA31-4425-BDE1-9DD0BE0A9BE1}.net_4_0_Debug|Any CPU.Build.0 = Debug|Any CPU
		{E6DD179D-FA31-4425-BDE1-9DD0BE0A9BE1}.net_4_0_Release_ReadOnly|Any CPU.ActiveCfg = Release|Any CPU
		{E6DD179D-FA31-4425-BDE1-9DD0BE0A9BE1}.net_4_0_Release_ReadOnly|Any CPU.Build.0 = Release|Any CPU
		{E6DD179D-FA31-4425-BDE1-9DD0BE0A9BE1}.net_4_0_Release|Any CPU.ActiveCfg = Release|Any CPU
		{E6DD179D-FA31-4425-BDE1-9DD0BE0A9BE1}.net_4_0_Release|Any CPU.Build.0 = Release|Any CPU
		{E6DD179D-FA31-4425-BDE1-9DD0BE0A9BE1}.net_462_Debug_ReadOnly|Any CPU.ActiveCfg = Debug|Any CPU
		{E6DD179D-FA31-4425-BDE1-9DD0BE0A9BE1}.net_462_Debug_ReadOnly|Any CPU.Build.0 = Debug|Any CPU
		{E6DD179D-FA31-4425-BDE1-9DD0BE0A9BE1}.net_462_Debug|Any CPU.ActiveCfg = Debug|Any CPU
		{E6DD179D-FA31-4425-BDE1-9DD0BE0A9BE1}.net_462_Debug|Any CPU.Build.0 = Debug|Any CPU
		{E6DD179D-FA31-4425-BDE1-9DD0BE0A9BE1}.net_462_Release_ReadOnly|Any CPU.ActiveCfg = Release|Any CPU
		{E6DD179D-FA31-4425-BDE1-9DD0BE0A9BE1}.net_462_Release_ReadOnly|Any CPU.Build.0 = Release|Any CPU
		{E6DD179D-FA31-4425-BDE1-9DD0BE0A9BE1}.net_462_Release|Any CPU.ActiveCfg = Release|Any CPU
		{E6DD179D-FA31-4425-BDE1-9DD0BE0A9BE1}.net_462_Release|Any CPU.Build.0 = Release|Any CPU
		{E6DD179D-FA31-4425-BDE1-9DD0BE0A9BE1}.netstandard_Debug_ReadOnly|Any CPU.ActiveCfg = Debug|Any CPU
		{E6DD179D-FA31-4425-BDE1-9DD0BE0A9BE1}.netstandard_Debug_ReadOnly|Any CPU.Build.0 = Debug|Any CPU
		{E6DD179D-FA31-4425-BDE1-9DD0BE0A9BE1}.netstandard_Debug|Any CPU.ActiveCfg = Debug|Any CPU
		{E6DD179D-FA31-4425-BDE1-9DD0BE0A9BE1}.netstandard_Debug|Any CPU.Build.0 = Debug|Any CPU
		{E6DD179D-FA31-4425-BDE1-9DD0BE0A9BE1}.netstandard_Release_ReadOnly|Any CPU.ActiveCfg = Release|Any CPU
		{E6DD179D-FA31-4425-BDE1-9DD0BE0A9BE1}.netstandard_Release_ReadOnly|Any CPU.Build.0 = Release|Any CPU
		{E6DD179D-FA31-4425-BDE1-9DD0BE0A9BE1}.netstandard_Release|Any CPU.ActiveCfg = Release|Any CPU
		{E6DD179D-FA31-4425-BDE1-9DD0BE0A9BE1}.netstandard_Release|Any CPU.Build.0 = Release|Any CPU
		{E6DD179D-FA31-4425-BDE1-9DD0BE0A9BE1}.Release|Any CPU.ActiveCfg = Release|Any CPU
		{E6DD179D-FA31-4425-BDE1-9DD0BE0A9BE1}.Release|Any CPU.Build.0 = Release|Any CPU
		{BC2C44FC-17FE-4C58-AEEB-FA1CEAF78F55}.Debug|Any CPU.ActiveCfg = Debug|Any CPU
		{BC2C44FC-17FE-4C58-AEEB-FA1CEAF78F55}.Debug|Any CPU.Build.0 = Debug|Any CPU
		{BC2C44FC-17FE-4C58-AEEB-FA1CEAF78F55}.net_3_5_Debug_ReadOnly|Any CPU.ActiveCfg = Debug|Any CPU
		{BC2C44FC-17FE-4C58-AEEB-FA1CEAF78F55}.net_3_5_Debug_ReadOnly|Any CPU.Build.0 = Debug|Any CPU
		{BC2C44FC-17FE-4C58-AEEB-FA1CEAF78F55}.net_3_5_Debug|Any CPU.ActiveCfg = Debug|Any CPU
		{BC2C44FC-17FE-4C58-AEEB-FA1CEAF78F55}.net_3_5_Debug|Any CPU.Build.0 = Debug|Any CPU
		{BC2C44FC-17FE-4C58-AEEB-FA1CEAF78F55}.net_3_5_Release_ReadOnly|Any CPU.ActiveCfg = Release|Any CPU
		{BC2C44FC-17FE-4C58-AEEB-FA1CEAF78F55}.net_3_5_Release_ReadOnly|Any CPU.Build.0 = Release|Any CPU
		{BC2C44FC-17FE-4C58-AEEB-FA1CEAF78F55}.net_3_5_Release|Any CPU.ActiveCfg = Release|Any CPU
		{BC2C44FC-17FE-4C58-AEEB-FA1CEAF78F55}.net_3_5_Release|Any CPU.Build.0 = Release|Any CPU
		{BC2C44FC-17FE-4C58-AEEB-FA1CEAF78F55}.net_4_0_Debug_ReadOnly|Any CPU.ActiveCfg = Debug|Any CPU
		{BC2C44FC-17FE-4C58-AEEB-FA1CEAF78F55}.net_4_0_Debug_ReadOnly|Any CPU.Build.0 = Debug|Any CPU
		{BC2C44FC-17FE-4C58-AEEB-FA1CEAF78F55}.net_4_0_Debug|Any CPU.ActiveCfg = Debug|Any CPU
		{BC2C44FC-17FE-4C58-AEEB-FA1CEAF78F55}.net_4_0_Debug|Any CPU.Build.0 = Debug|Any CPU
		{BC2C44FC-17FE-4C58-AEEB-FA1CEAF78F55}.net_4_0_Release_ReadOnly|Any CPU.ActiveCfg = Release|Any CPU
		{BC2C44FC-17FE-4C58-AEEB-FA1CEAF78F55}.net_4_0_Release_ReadOnly|Any CPU.Build.0 = Release|Any CPU
		{BC2C44FC-17FE-4C58-AEEB-FA1CEAF78F55}.net_4_0_Release|Any CPU.ActiveCfg = Release|Any CPU
		{BC2C44FC-17FE-4C58-AEEB-FA1CEAF78F55}.net_4_0_Release|Any CPU.Build.0 = Release|Any CPU
		{BC2C44FC-17FE-4C58-AEEB-FA1CEAF78F55}.net_462_Debug_ReadOnly|Any CPU.ActiveCfg = Debug|Any CPU
		{BC2C44FC-17FE-4C58-AEEB-FA1CEAF78F55}.net_462_Debug_ReadOnly|Any CPU.Build.0 = Debug|Any CPU
		{BC2C44FC-17FE-4C58-AEEB-FA1CEAF78F55}.net_462_Debug|Any CPU.ActiveCfg = Debug|Any CPU
		{BC2C44FC-17FE-4C58-AEEB-FA1CEAF78F55}.net_462_Debug|Any CPU.Build.0 = Debug|Any CPU
		{BC2C44FC-17FE-4C58-AEEB-FA1CEAF78F55}.net_462_Release_ReadOnly|Any CPU.ActiveCfg = Release|Any CPU
		{BC2C44FC-17FE-4C58-AEEB-FA1CEAF78F55}.net_462_Release_ReadOnly|Any CPU.Build.0 = Release|Any CPU
		{BC2C44FC-17FE-4C58-AEEB-FA1CEAF78F55}.net_462_Release|Any CPU.ActiveCfg = Release|Any CPU
		{BC2C44FC-17FE-4C58-AEEB-FA1CEAF78F55}.net_462_Release|Any CPU.Build.0 = Release|Any CPU
		{BC2C44FC-17FE-4C58-AEEB-FA1CEAF78F55}.netstandard_Debug_ReadOnly|Any CPU.ActiveCfg = Debug|Any CPU
		{BC2C44FC-17FE-4C58-AEEB-FA1CEAF78F55}.netstandard_Debug_ReadOnly|Any CPU.Build.0 = Debug|Any CPU
		{BC2C44FC-17FE-4C58-AEEB-FA1CEAF78F55}.netstandard_Debug|Any CPU.ActiveCfg = Debug|Any CPU
		{BC2C44FC-17FE-4C58-AEEB-FA1CEAF78F55}.netstandard_Debug|Any CPU.Build.0 = Debug|Any CPU
		{BC2C44FC-17FE-4C58-AEEB-FA1CEAF78F55}.netstandard_Release_ReadOnly|Any CPU.ActiveCfg = Release|Any CPU
		{BC2C44FC-17FE-4C58-AEEB-FA1CEAF78F55}.netstandard_Release_ReadOnly|Any CPU.Build.0 = Release|Any CPU
		{BC2C44FC-17FE-4C58-AEEB-FA1CEAF78F55}.netstandard_Release|Any CPU.ActiveCfg = Release|Any CPU
		{BC2C44FC-17FE-4C58-AEEB-FA1CEAF78F55}.netstandard_Release|Any CPU.Build.0 = Release|Any CPU
		{BC2C44FC-17FE-4C58-AEEB-FA1CEAF78F55}.Release|Any CPU.ActiveCfg = Release|Any CPU
		{BC2C44FC-17FE-4C58-AEEB-FA1CEAF78F55}.Release|Any CPU.Build.0 = Release|Any CPU
		{2455AAFB-521F-484F-B00D-8A9BB7377A5E}.Debug|Any CPU.ActiveCfg = Debug|Any CPU
		{2455AAFB-521F-484F-B00D-8A9BB7377A5E}.Debug|Any CPU.Build.0 = Debug|Any CPU
		{2455AAFB-521F-484F-B00D-8A9BB7377A5E}.net_3_5_Debug_ReadOnly|Any CPU.ActiveCfg = Debug|Any CPU
		{2455AAFB-521F-484F-B00D-8A9BB7377A5E}.net_3_5_Debug_ReadOnly|Any CPU.Build.0 = Debug|Any CPU
		{2455AAFB-521F-484F-B00D-8A9BB7377A5E}.net_3_5_Debug|Any CPU.ActiveCfg = Debug|Any CPU
		{2455AAFB-521F-484F-B00D-8A9BB7377A5E}.net_3_5_Debug|Any CPU.Build.0 = Debug|Any CPU
		{2455AAFB-521F-484F-B00D-8A9BB7377A5E}.net_3_5_Release_ReadOnly|Any CPU.ActiveCfg = Release|Any CPU
		{2455AAFB-521F-484F-B00D-8A9BB7377A5E}.net_3_5_Release_ReadOnly|Any CPU.Build.0 = Release|Any CPU
		{2455AAFB-521F-484F-B00D-8A9BB7377A5E}.net_3_5_Release|Any CPU.ActiveCfg = Release|Any CPU
		{2455AAFB-521F-484F-B00D-8A9BB7377A5E}.net_3_5_Release|Any CPU.Build.0 = Release|Any CPU
		{2455AAFB-521F-484F-B00D-8A9BB7377A5E}.net_4_0_Debug_ReadOnly|Any CPU.ActiveCfg = Debug|Any CPU
		{2455AAFB-521F-484F-B00D-8A9BB7377A5E}.net_4_0_Debug_ReadOnly|Any CPU.Build.0 = Debug|Any CPU
		{2455AAFB-521F-484F-B00D-8A9BB7377A5E}.net_4_0_Debug|Any CPU.ActiveCfg = Debug|Any CPU
		{2455AAFB-521F-484F-B00D-8A9BB7377A5E}.net_4_0_Debug|Any CPU.Build.0 = Debug|Any CPU
		{2455AAFB-521F-484F-B00D-8A9BB7377A5E}.net_4_0_Release_ReadOnly|Any CPU.ActiveCfg = Release|Any CPU
		{2455AAFB-521F-484F-B00D-8A9BB7377A5E}.net_4_0_Release_ReadOnly|Any CPU.Build.0 = Release|Any CPU
		{2455AAFB-521F-484F-B00D-8A9BB7377A5E}.net_4_0_Release|Any CPU.ActiveCfg = Release|Any CPU
		{2455AAFB-521F-484F-B00D-8A9BB7377A5E}.net_4_0_Release|Any CPU.Build.0 = Release|Any CPU
		{2455AAFB-521F-484F-B00D-8A9BB7377A5E}.net_462_Debug_ReadOnly|Any CPU.ActiveCfg = Debug|Any CPU
		{2455AAFB-521F-484F-B00D-8A9BB7377A5E}.net_462_Debug_ReadOnly|Any CPU.Build.0 = Debug|Any CPU
		{2455AAFB-521F-484F-B00D-8A9BB7377A5E}.net_462_Debug|Any CPU.ActiveCfg = Debug|Any CPU
		{2455AAFB-521F-484F-B00D-8A9BB7377A5E}.net_462_Debug|Any CPU.Build.0 = Debug|Any CPU
		{2455AAFB-521F-484F-B00D-8A9BB7377A5E}.net_462_Release_ReadOnly|Any CPU.ActiveCfg = Release|Any CPU
		{2455AAFB-521F-484F-B00D-8A9BB7377A5E}.net_462_Release_ReadOnly|Any CPU.Build.0 = Release|Any CPU
		{2455AAFB-521F-484F-B00D-8A9BB7377A5E}.net_462_Release|Any CPU.ActiveCfg = Release|Any CPU
		{2455AAFB-521F-484F-B00D-8A9BB7377A5E}.net_462_Release|Any CPU.Build.0 = Release|Any CPU
		{2455AAFB-521F-484F-B00D-8A9BB7377A5E}.netstandard_Debug_ReadOnly|Any CPU.ActiveCfg = Debug|Any CPU
		{2455AAFB-521F-484F-B00D-8A9BB7377A5E}.netstandard_Debug_ReadOnly|Any CPU.Build.0 = Debug|Any CPU
		{2455AAFB-521F-484F-B00D-8A9BB7377A5E}.netstandard_Debug|Any CPU.ActiveCfg = Debug|Any CPU
		{2455AAFB-521F-484F-B00D-8A9BB7377A5E}.netstandard_Debug|Any CPU.Build.0 = Debug|Any CPU
		{2455AAFB-521F-484F-B00D-8A9BB7377A5E}.netstandard_Release_ReadOnly|Any CPU.ActiveCfg = Release|Any CPU
		{2455AAFB-521F-484F-B00D-8A9BB7377A5E}.netstandard_Release_ReadOnly|Any CPU.Build.0 = Release|Any CPU
		{2455AAFB-521F-484F-B00D-8A9BB7377A5E}.netstandard_Release|Any CPU.ActiveCfg = Release|Any CPU
		{2455AAFB-521F-484F-B00D-8A9BB7377A5E}.netstandard_Release|Any CPU.Build.0 = Release|Any CPU
		{2455AAFB-521F-484F-B00D-8A9BB7377A5E}.Release|Any CPU.ActiveCfg = Release|Any CPU
		{2455AAFB-521F-484F-B00D-8A9BB7377A5E}.Release|Any CPU.Build.0 = Release|Any CPU
		{217AE15B-840C-4F8F-93CD-9D331AA4C81A}.Debug|Any CPU.ActiveCfg = Debug|Any CPU
		{217AE15B-840C-4F8F-93CD-9D331AA4C81A}.Debug|Any CPU.Build.0 = Debug|Any CPU
		{217AE15B-840C-4F8F-93CD-9D331AA4C81A}.net_3_5_Debug_ReadOnly|Any CPU.ActiveCfg = Debug|Any CPU
		{217AE15B-840C-4F8F-93CD-9D331AA4C81A}.net_3_5_Debug_ReadOnly|Any CPU.Build.0 = Debug|Any CPU
		{217AE15B-840C-4F8F-93CD-9D331AA4C81A}.net_3_5_Debug|Any CPU.ActiveCfg = Debug|Any CPU
		{217AE15B-840C-4F8F-93CD-9D331AA4C81A}.net_3_5_Debug|Any CPU.Build.0 = Debug|Any CPU
		{217AE15B-840C-4F8F-93CD-9D331AA4C81A}.net_3_5_Release_ReadOnly|Any CPU.ActiveCfg = Release|Any CPU
		{217AE15B-840C-4F8F-93CD-9D331AA4C81A}.net_3_5_Release_ReadOnly|Any CPU.Build.0 = Release|Any CPU
		{217AE15B-840C-4F8F-93CD-9D331AA4C81A}.net_3_5_Release|Any CPU.ActiveCfg = Release|Any CPU
		{217AE15B-840C-4F8F-93CD-9D331AA4C81A}.net_3_5_Release|Any CPU.Build.0 = Release|Any CPU
		{217AE15B-840C-4F8F-93CD-9D331AA4C81A}.net_4_0_Debug_ReadOnly|Any CPU.ActiveCfg = Debug|Any CPU
		{217AE15B-840C-4F8F-93CD-9D331AA4C81A}.net_4_0_Debug_ReadOnly|Any CPU.Build.0 = Debug|Any CPU
		{217AE15B-840C-4F8F-93CD-9D331AA4C81A}.net_4_0_Debug|Any CPU.ActiveCfg = Debug|Any CPU
		{217AE15B-840C-4F8F-93CD-9D331AA4C81A}.net_4_0_Debug|Any CPU.Build.0 = Debug|Any CPU
		{217AE15B-840C-4F8F-93CD-9D331AA4C81A}.net_4_0_Release_ReadOnly|Any CPU.ActiveCfg = Release|Any CPU
		{217AE15B-840C-4F8F-93CD-9D331AA4C81A}.net_4_0_Release_ReadOnly|Any CPU.Build.0 = Release|Any CPU
		{217AE15B-840C-4F8F-93CD-9D331AA4C81A}.net_4_0_Release|Any CPU.ActiveCfg = Release|Any CPU
		{217AE15B-840C-4F8F-93CD-9D331AA4C81A}.net_4_0_Release|Any CPU.Build.0 = Release|Any CPU
		{217AE15B-840C-4F8F-93CD-9D331AA4C81A}.net_462_Debug_ReadOnly|Any CPU.ActiveCfg = Debug|Any CPU
		{217AE15B-840C-4F8F-93CD-9D331AA4C81A}.net_462_Debug_ReadOnly|Any CPU.Build.0 = Debug|Any CPU
		{217AE15B-840C-4F8F-93CD-9D331AA4C81A}.net_462_Debug|Any CPU.ActiveCfg = Debug|Any CPU
		{217AE15B-840C-4F8F-93CD-9D331AA4C81A}.net_462_Debug|Any CPU.Build.0 = Debug|Any CPU
		{217AE15B-840C-4F8F-93CD-9D331AA4C81A}.net_462_Release_ReadOnly|Any CPU.ActiveCfg = Release|Any CPU
		{217AE15B-840C-4F8F-93CD-9D331AA4C81A}.net_462_Release_ReadOnly|Any CPU.Build.0 = Release|Any CPU
		{217AE15B-840C-4F8F-93CD-9D331AA4C81A}.net_462_Release|Any CPU.ActiveCfg = Release|Any CPU
		{217AE15B-840C-4F8F-93CD-9D331AA4C81A}.net_462_Release|Any CPU.Build.0 = Release|Any CPU
		{217AE15B-840C-4F8F-93CD-9D331AA4C81A}.netstandard_Debug_ReadOnly|Any CPU.ActiveCfg = Debug|Any CPU
		{217AE15B-840C-4F8F-93CD-9D331AA4C81A}.netstandard_Debug_ReadOnly|Any CPU.Build.0 = Debug|Any CPU
		{217AE15B-840C-4F8F-93CD-9D331AA4C81A}.netstandard_Debug|Any CPU.ActiveCfg = Debug|Any CPU
		{217AE15B-840C-4F8F-93CD-9D331AA4C81A}.netstandard_Debug|Any CPU.Build.0 = Debug|Any CPU
		{217AE15B-840C-4F8F-93CD-9D331AA4C81A}.netstandard_Release_ReadOnly|Any CPU.ActiveCfg = Release|Any CPU
		{217AE15B-840C-4F8F-93CD-9D331AA4C81A}.netstandard_Release_ReadOnly|Any CPU.Build.0 = Release|Any CPU
		{217AE15B-840C-4F8F-93CD-9D331AA4C81A}.netstandard_Release|Any CPU.ActiveCfg = Release|Any CPU
		{217AE15B-840C-4F8F-93CD-9D331AA4C81A}.netstandard_Release|Any CPU.Build.0 = Release|Any CPU
		{217AE15B-840C-4F8F-93CD-9D331AA4C81A}.Release|Any CPU.ActiveCfg = Release|Any CPU
		{217AE15B-840C-4F8F-93CD-9D331AA4C81A}.Release|Any CPU.Build.0 = Release|Any CPU
		{BEC78343-4BA2-4757-807F-7CDBF1F70C83}.Debug|Any CPU.ActiveCfg = Debug|Any CPU
		{BEC78343-4BA2-4757-807F-7CDBF1F70C83}.Debug|Any CPU.Build.0 = Debug|Any CPU
		{BEC78343-4BA2-4757-807F-7CDBF1F70C83}.net_3_5_Debug_ReadOnly|Any CPU.ActiveCfg = Debug|Any CPU
		{BEC78343-4BA2-4757-807F-7CDBF1F70C83}.net_3_5_Debug_ReadOnly|Any CPU.Build.0 = Debug|Any CPU
		{BEC78343-4BA2-4757-807F-7CDBF1F70C83}.net_3_5_Debug|Any CPU.ActiveCfg = Debug|Any CPU
		{BEC78343-4BA2-4757-807F-7CDBF1F70C83}.net_3_5_Debug|Any CPU.Build.0 = Debug|Any CPU
		{BEC78343-4BA2-4757-807F-7CDBF1F70C83}.net_3_5_Release_ReadOnly|Any CPU.ActiveCfg = Release|Any CPU
		{BEC78343-4BA2-4757-807F-7CDBF1F70C83}.net_3_5_Release_ReadOnly|Any CPU.Build.0 = Release|Any CPU
		{BEC78343-4BA2-4757-807F-7CDBF1F70C83}.net_3_5_Release|Any CPU.ActiveCfg = Release|Any CPU
		{BEC78343-4BA2-4757-807F-7CDBF1F70C83}.net_3_5_Release|Any CPU.Build.0 = Release|Any CPU
		{BEC78343-4BA2-4757-807F-7CDBF1F70C83}.net_4_0_Debug_ReadOnly|Any CPU.ActiveCfg = Debug|Any CPU
		{BEC78343-4BA2-4757-807F-7CDBF1F70C83}.net_4_0_Debug_ReadOnly|Any CPU.Build.0 = Debug|Any CPU
		{BEC78343-4BA2-4757-807F-7CDBF1F70C83}.net_4_0_Debug|Any CPU.ActiveCfg = Debug|Any CPU
		{BEC78343-4BA2-4757-807F-7CDBF1F70C83}.net_4_0_Debug|Any CPU.Build.0 = Debug|Any CPU
		{BEC78343-4BA2-4757-807F-7CDBF1F70C83}.net_4_0_Release_ReadOnly|Any CPU.ActiveCfg = Release|Any CPU
		{BEC78343-4BA2-4757-807F-7CDBF1F70C83}.net_4_0_Release_ReadOnly|Any CPU.Build.0 = Release|Any CPU
		{BEC78343-4BA2-4757-807F-7CDBF1F70C83}.net_4_0_Release|Any CPU.ActiveCfg = Release|Any CPU
		{BEC78343-4BA2-4757-807F-7CDBF1F70C83}.net_4_0_Release|Any CPU.Build.0 = Release|Any CPU
		{BEC78343-4BA2-4757-807F-7CDBF1F70C83}.net_462_Debug_ReadOnly|Any CPU.ActiveCfg = Debug|Any CPU
		{BEC78343-4BA2-4757-807F-7CDBF1F70C83}.net_462_Debug_ReadOnly|Any CPU.Build.0 = Debug|Any CPU
		{BEC78343-4BA2-4757-807F-7CDBF1F70C83}.net_462_Debug|Any CPU.ActiveCfg = Debug|Any CPU
		{BEC78343-4BA2-4757-807F-7CDBF1F70C83}.net_462_Debug|Any CPU.Build.0 = Debug|Any CPU
		{BEC78343-4BA2-4757-807F-7CDBF1F70C83}.net_462_Release_ReadOnly|Any CPU.ActiveCfg = Release|Any CPU
		{BEC78343-4BA2-4757-807F-7CDBF1F70C83}.net_462_Release_ReadOnly|Any CPU.Build.0 = Release|Any CPU
		{BEC78343-4BA2-4757-807F-7CDBF1F70C83}.net_462_Release|Any CPU.ActiveCfg = Release|Any CPU
		{BEC78343-4BA2-4757-807F-7CDBF1F70C83}.net_462_Release|Any CPU.Build.0 = Release|Any CPU
		{BEC78343-4BA2-4757-807F-7CDBF1F70C83}.netstandard_Debug_ReadOnly|Any CPU.ActiveCfg = Debug|Any CPU
		{BEC78343-4BA2-4757-807F-7CDBF1F70C83}.netstandard_Debug_ReadOnly|Any CPU.Build.0 = Debug|Any CPU
		{BEC78343-4BA2-4757-807F-7CDBF1F70C83}.netstandard_Debug|Any CPU.ActiveCfg = Debug|Any CPU
		{BEC78343-4BA2-4757-807F-7CDBF1F70C83}.netstandard_Debug|Any CPU.Build.0 = Debug|Any CPU
		{BEC78343-4BA2-4757-807F-7CDBF1F70C83}.netstandard_Release_ReadOnly|Any CPU.ActiveCfg = Release|Any CPU
		{BEC78343-4BA2-4757-807F-7CDBF1F70C83}.netstandard_Release_ReadOnly|Any CPU.Build.0 = Release|Any CPU
		{BEC78343-4BA2-4757-807F-7CDBF1F70C83}.netstandard_Release|Any CPU.ActiveCfg = Release|Any CPU
		{BEC78343-4BA2-4757-807F-7CDBF1F70C83}.netstandard_Release|Any CPU.Build.0 = Release|Any CPU
		{BEC78343-4BA2-4757-807F-7CDBF1F70C83}.Release|Any CPU.ActiveCfg = Release|Any CPU
		{BEC78343-4BA2-4757-807F-7CDBF1F70C83}.Release|Any CPU.Build.0 = Release|Any CPU
	EndGlobalSection
	GlobalSection(SolutionProperties) = preSolution
		HideSolutionNode = FALSE
	EndGlobalSection
	GlobalSection(NestedProjects) = preSolution
		{BC2C44FC-17FE-4C58-AEEB-FA1CEAF78F55} = {FA42778E-C31B-49E8-A235-9C69EECD9427}
		{2455AAFB-521F-484F-B00D-8A9BB7377A5E} = {78227E23-29CF-4658-969E-1965210A11AE}
		{217AE15B-840C-4F8F-93CD-9D331AA4C81A} = {78227E23-29CF-4658-969E-1965210A11AE}
	EndGlobalSection
	GlobalSection(ExtensibilityGlobals) = postSolution
		SolutionGuid = {CB8FB7CA-797C-4114-9BF0-8DB4DF46FE5A}
	EndGlobalSection
EndGlobal
