
Microsoft Visual Studio Solution File, Format Version 12.00
# Visual Studio Version 16
VisualStudioVersion = 16.0.32228.343
MinimumVisualStudioVersion = 10.0.40219.1
Project("{2150E333-8FDC-42A3-9474-1A3956D46DE8}") = "TestCase", "TestCase", "{FA42778E-C31B-49E8-A235-9C69EECD9427}"
EndProject
Project("{2150E333-8FDC-42A3-9474-1A3956D46DE8}") = "Debugging", "Debugging", "{78227E23-29CF-4658-969E-1965210A11AE}"
EndProject
Project("{9A19103F-16F7-4668-BE54-9A1E7A4F7556}") = "ILRuntime", "ILRuntime\ILRuntime.csproj", "{79EF2F29-89D1-4097-986C-5E4EEFE0FA33}"
EndProject
Project("{FAE04EC0-301F-11D3-BF4B-00C04F79EFBC}") = "ILRuntimeTest", "ILRuntimeTest\ILRuntimeTest.csproj", "{E6DD179D-FA31-4425-BDE1-9DD0BE0A9BE1}"
EndProject
Project("{9A19103F-16F7-4668-BE54-9A1E7A4F7556}") = "TestCases", "TestCases\TestCases.csproj", "{BC2C44FC-17FE-4C58-AEEB-FA1CEAF78F55}"
EndProject
Project("{9A19103F-16F7-4668-BE54-9A1E7A4F7556}") = "LitJson", "LitJson\LitJson.csproj", "{BEC78343-4BA2-4757-807F-7CDBF1F70C83}"
EndProject
Project("{9A19103F-16F7-4668-BE54-9A1E7A4F7556}") = "ILRuntimeTestBase", "ILRuntimeTestBase\ILRuntimeTestBase.csproj", "{D285C5C9-E0EE-4B3D-991D-59E0C8CE1274}"
EndProject
Project("{9A19103F-16F7-4668-BE54-9A1E7A4F7556}") = "ILRuntimeTestCLI", "ILRuntimeTestCLI\ILRuntimeTestCLI.csproj", "{5704CA75-DFA3-4205-BA12-F23BCE2682F5}"
EndProject
Project("{2150E333-8FDC-42A3-9474-1A3956D46DE8}") = "VS2019 And Earlier", "VS2019 And Earlier", "{D5C6D7B6-3C87-4DA2-A2BC-B14D65964100}"
EndProject
Project("{FAE04EC0-301F-11D3-BF4B-00C04F79EFBC}") = "ILRuntimeDebugEngine", "Debugging\VS2019 And Earlier\ILRuntimeDebugEngine\ILRuntimeDebugEngine.csproj", "{217AE15B-840C-4F8F-93CD-9D331AA4C81A}"
EndProject
Project("{2150E333-8FDC-42A3-9474-1A3956D46DE8}") = "VS2022", "VS2022", "{34751CCD-6207-4623-BBF4-26CF54D3A7E8}"
EndProject
Project("{FAE04EC0-301F-11D3-BF4B-00C04F79EFBC}") = "ILRuntimeDebugEngine", "Debugging\VS2022\ILRuntimeDebugEngine\ILRuntimeDebugEngine.csproj", "{AD304835-4DBA-49F3-A13D-F173BC828EBF}"
EndProject
Project("{D954291E-2A0B-460D-934E-DC6B0785DB48}") = "SharedLauncher", "Debugging\SharedLauncher\SharedLauncher.shproj", "{E10FDBD8-F948-41F9-A99F-3C50CCBBA145}"
EndProject
Project("{FAE04EC0-301F-11D3-BF4B-00C04F79EFBC}") = "ILRuntimeDebuggerLauncher2022", "Debugging\VS2022\ILRuntimeDebuggerLauncher2022\ILRuntimeDebuggerLauncher2022.csproj", "{355E61C1-0BFA-4FF8-98A1-0457DFE595E1}"
EndProject
Project("{D954291E-2A0B-460D-934E-DC6B0785DB48}") = "SharedEngine", "Debugging\SharedEngine\SharedEngine.shproj", "{164587CA-78D9-4AEC-82C2-ACBABBA26626}"
EndProject
Project("{FAE04EC0-301F-11D3-BF4B-00C04F79EFBC}") = "ILRuntimeDebuggerLauncher", "Debugging\VS2019 And Earlier\ILRuntimeDebuggerLauncher\ILRuntimeDebuggerLauncher.csproj", "{2455AAFB-521F-484F-B00D-8A9BB7377A5E}"
EndProject
Project("{2150E333-8FDC-42A3-9474-1A3956D46DE8}") = "VSCode", "VSCode", "{3E23F7B9-ED01-48CB-AD29-8D06F5B4F601}"
EndProject
Project("{9A19103F-16F7-4668-BE54-9A1E7A4F7556}") = "VSCodeDAILRuntime", "Debugging\VSCode\VSCodeDAILRuntime\VSCodeDAILRuntime.csproj", "{C26BE57F-02A0-4DF1-B8A6-E99E948673A8}"
EndProject
Project("{D954291E-2A0B-460D-934E-DC6B0785DB48}") = "SharedDebuggerCommon", "Debugging\SharedDebuggerCommon\SharedDebuggerCommon.shproj", "{8C767F83-2663-405C-B6A0-EC71B90B60CA}"
EndProject
Global
	GlobalSection(SharedMSBuildProjectFiles) = preSolution
		Debugging\SharedEngine\SharedEngine.projitems*{164587ca-78d9-4aec-82c2-acbabba26626}*SharedItemsImports = 13
		Debugging\SharedDebuggerCommon\SharedDebuggerCommon.projitems*{217ae15b-840c-4f8f-93cd-9d331aa4c81a}*SharedItemsImports = 4
		Debugging\SharedEngine\SharedEngine.projitems*{217ae15b-840c-4f8f-93cd-9d331aa4c81a}*SharedItemsImports = 4
		Debugging\SharedLauncher\SharedLauncher.projitems*{2455aafb-521f-484f-b00d-8a9bb7377a5e}*SharedItemsImports = 4
		Debugging\SharedLauncher\SharedLauncher.projitems*{355e61c1-0bfa-4ff8-98a1-0457dfe595e1}*SharedItemsImports = 4
		Debugging\SharedDebuggerCommon\SharedDebuggerCommon.projitems*{8c767f83-2663-405c-b6a0-ec71b90b60ca}*SharedItemsImports = 13
		Debugging\SharedDebuggerCommon\SharedDebuggerCommon.projitems*{ad304835-4dba-49f3-a13d-f173bc828ebf}*SharedItemsImports = 4
		Debugging\SharedEngine\SharedEngine.projitems*{ad304835-4dba-49f3-a13d-f173bc828ebf}*SharedItemsImports = 4
		Debugging\SharedDebuggerCommon\SharedDebuggerCommon.projitems*{c26be57f-02a0-4df1-b8a6-e99e948673a8}*SharedItemsImports = 5
		Debugging\SharedLauncher\SharedLauncher.projitems*{e10fdbd8-f948-41f9-a99f-3c50ccbba145}*SharedItemsImports = 13
	EndGlobalSection
	GlobalSection(SolutionConfigurationPlatforms) = preSolution
		Debug|Any CPU = Debug|Any CPU
		Debug|x86 = Debug|x86
		net_3_5_Debug_ReadOnly|Any CPU = net_3_5_Debug_ReadOnly|Any CPU
		net_3_5_Debug_ReadOnly|x86 = net_3_5_Debug_ReadOnly|x86
		net_3_5_Debug|Any CPU = net_3_5_Debug|Any CPU
		net_3_5_Debug|x86 = net_3_5_Debug|x86
		net_3_5_Release_ReadOnly|Any CPU = net_3_5_Release_ReadOnly|Any CPU
		net_3_5_Release_ReadOnly|x86 = net_3_5_Release_ReadOnly|x86
		net_3_5_Release|Any CPU = net_3_5_Release|Any CPU
		net_3_5_Release|x86 = net_3_5_Release|x86
		net_4_0_Debug_ReadOnly|Any CPU = net_4_0_Debug_ReadOnly|Any CPU
		net_4_0_Debug_ReadOnly|x86 = net_4_0_Debug_ReadOnly|x86
		net_4_0_Debug|Any CPU = net_4_0_Debug|Any CPU
		net_4_0_Debug|x86 = net_4_0_Debug|x86
		net_4_0_Release_ReadOnly|Any CPU = net_4_0_Release_ReadOnly|Any CPU
		net_4_0_Release_ReadOnly|x86 = net_4_0_Release_ReadOnly|x86
		net_4_0_Release|Any CPU = net_4_0_Release|Any CPU
		net_4_0_Release|x86 = net_4_0_Release|x86
		net_462_Debug_ReadOnly|Any CPU = net_462_Debug_ReadOnly|Any CPU
		net_462_Debug_ReadOnly|x86 = net_462_Debug_ReadOnly|x86
		net_462_Debug|Any CPU = net_462_Debug|Any CPU
		net_462_Debug|x86 = net_462_Debug|x86
		net_462_Release_ReadOnly|Any CPU = net_462_Release_ReadOnly|Any CPU
		net_462_Release_ReadOnly|x86 = net_462_Release_ReadOnly|x86
		net_462_Release|Any CPU = net_462_Release|Any CPU
		net_462_Release|x86 = net_462_Release|x86
		netstandard_Debug_ReadOnly|Any CPU = netstandard_Debug_ReadOnly|Any CPU
		netstandard_Debug_ReadOnly|x86 = netstandard_Debug_ReadOnly|x86
		netstandard_Debug|Any CPU = netstandard_Debug|Any CPU
		netstandard_Debug|x86 = netstandard_Debug|x86
		netstandard_Release_ReadOnly|Any CPU = netstandard_Release_ReadOnly|Any CPU
		netstandard_Release_ReadOnly|x86 = netstandard_Release_ReadOnly|x86
		netstandard_Release|Any CPU = netstandard_Release|Any CPU
		netstandard_Release|x86 = netstandard_Release|x86
		Release|Any CPU = Release|Any CPU
		Release|x86 = Release|x86
	EndGlobalSection
	GlobalSection(ProjectConfigurationPlatforms) = postSolution
		{79EF2F29-89D1-4097-986C-5E4EEFE0FA33}.Debug|Any CPU.ActiveCfg = Debug|Any CPU
		{79EF2F29-89D1-4097-986C-5E4EEFE0FA33}.Debug|Any CPU.Build.0 = Debug|Any CPU
		{79EF2F29-89D1-4097-986C-5E4EEFE0FA33}.Debug|x86.ActiveCfg = Debug|Any CPU
		{79EF2F29-89D1-4097-986C-5E4EEFE0FA33}.Debug|x86.Build.0 = Debug|Any CPU
		{79EF2F29-89D1-4097-986C-5E4EEFE0FA33}.net_3_5_Debug_ReadOnly|Any CPU.ActiveCfg = Debug|Any CPU
		{79EF2F29-89D1-4097-986C-5E4EEFE0FA33}.net_3_5_Debug_ReadOnly|Any CPU.Build.0 = Debug|Any CPU
		{79EF2F29-89D1-4097-986C-5E4EEFE0FA33}.net_3_5_Debug_ReadOnly|x86.ActiveCfg = Debug|Any CPU
		{79EF2F29-89D1-4097-986C-5E4EEFE0FA33}.net_3_5_Debug_ReadOnly|x86.Build.0 = Debug|Any CPU
		{79EF2F29-89D1-4097-986C-5E4EEFE0FA33}.net_3_5_Debug|Any CPU.ActiveCfg = Debug|Any CPU
		{79EF2F29-89D1-4097-986C-5E4EEFE0FA33}.net_3_5_Debug|Any CPU.Build.0 = Debug|Any CPU
		{79EF2F29-89D1-4097-986C-5E4EEFE0FA33}.net_3_5_Debug|x86.ActiveCfg = Debug|Any CPU
		{79EF2F29-89D1-4097-986C-5E4EEFE0FA33}.net_3_5_Debug|x86.Build.0 = Debug|Any CPU
		{79EF2F29-89D1-4097-986C-5E4EEFE0FA33}.net_3_5_Release_ReadOnly|Any CPU.ActiveCfg = Release|Any CPU
		{79EF2F29-89D1-4097-986C-5E4EEFE0FA33}.net_3_5_Release_ReadOnly|Any CPU.Build.0 = Release|Any CPU
		{79EF2F29-89D1-4097-986C-5E4EEFE0FA33}.net_3_5_Release_ReadOnly|x86.ActiveCfg = Release|Any CPU
		{79EF2F29-89D1-4097-986C-5E4EEFE0FA33}.net_3_5_Release_ReadOnly|x86.Build.0 = Release|Any CPU
		{79EF2F29-89D1-4097-986C-5E4EEFE0FA33}.net_3_5_Release|Any CPU.ActiveCfg = Release|Any CPU
		{79EF2F29-89D1-4097-986C-5E4EEFE0FA33}.net_3_5_Release|Any CPU.Build.0 = Release|Any CPU
		{79EF2F29-89D1-4097-986C-5E4EEFE0FA33}.net_3_5_Release|x86.ActiveCfg = Release|Any CPU
		{79EF2F29-89D1-4097-986C-5E4EEFE0FA33}.net_3_5_Release|x86.Build.0 = Release|Any CPU
		{79EF2F29-89D1-4097-986C-5E4EEFE0FA33}.net_4_0_Debug_ReadOnly|Any CPU.ActiveCfg = Debug|Any CPU
		{79EF2F29-89D1-4097-986C-5E4EEFE0FA33}.net_4_0_Debug_ReadOnly|Any CPU.Build.0 = Debug|Any CPU
		{79EF2F29-89D1-4097-986C-5E4EEFE0FA33}.net_4_0_Debug_ReadOnly|x86.ActiveCfg = Debug|Any CPU
		{79EF2F29-89D1-4097-986C-5E4EEFE0FA33}.net_4_0_Debug_ReadOnly|x86.Build.0 = Debug|Any CPU
		{79EF2F29-89D1-4097-986C-5E4EEFE0FA33}.net_4_0_Debug|Any CPU.ActiveCfg = Debug|Any CPU
		{79EF2F29-89D1-4097-986C-5E4EEFE0FA33}.net_4_0_Debug|Any CPU.Build.0 = Debug|Any CPU
		{79EF2F29-89D1-4097-986C-5E4EEFE0FA33}.net_4_0_Debug|x86.ActiveCfg = Debug|Any CPU
		{79EF2F29-89D1-4097-986C-5E4EEFE0FA33}.net_4_0_Debug|x86.Build.0 = Debug|Any CPU
		{79EF2F29-89D1-4097-986C-5E4EEFE0FA33}.net_4_0_Release_ReadOnly|Any CPU.ActiveCfg = Release|Any CPU
		{79EF2F29-89D1-4097-986C-5E4EEFE0FA33}.net_4_0_Release_ReadOnly|Any CPU.Build.0 = Release|Any CPU
		{79EF2F29-89D1-4097-986C-5E4EEFE0FA33}.net_4_0_Release_ReadOnly|x86.ActiveCfg = Release|Any CPU
		{79EF2F29-89D1-4097-986C-5E4EEFE0FA33}.net_4_0_Release_ReadOnly|x86.Build.0 = Release|Any CPU
		{79EF2F29-89D1-4097-986C-5E4EEFE0FA33}.net_4_0_Release|Any CPU.ActiveCfg = Release|Any CPU
		{79EF2F29-89D1-4097-986C-5E4EEFE0FA33}.net_4_0_Release|Any CPU.Build.0 = Release|Any CPU
		{79EF2F29-89D1-4097-986C-5E4EEFE0FA33}.net_4_0_Release|x86.ActiveCfg = Release|Any CPU
		{79EF2F29-89D1-4097-986C-5E4EEFE0FA33}.net_4_0_Release|x86.Build.0 = Release|Any CPU
		{79EF2F29-89D1-4097-986C-5E4EEFE0FA33}.net_462_Debug_ReadOnly|Any CPU.ActiveCfg = Debug|Any CPU
		{79EF2F29-89D1-4097-986C-5E4EEFE0FA33}.net_462_Debug_ReadOnly|Any CPU.Build.0 = Debug|Any CPU
		{79EF2F29-89D1-4097-986C-5E4EEFE0FA33}.net_462_Debug_ReadOnly|x86.ActiveCfg = Debug|Any CPU
		{79EF2F29-89D1-4097-986C-5E4EEFE0FA33}.net_462_Debug_ReadOnly|x86.Build.0 = Debug|Any CPU
		{79EF2F29-89D1-4097-986C-5E4EEFE0FA33}.net_462_Debug|Any CPU.ActiveCfg = Debug|Any CPU
		{79EF2F29-89D1-4097-986C-5E4EEFE0FA33}.net_462_Debug|Any CPU.Build.0 = Debug|Any CPU
		{79EF2F29-89D1-4097-986C-5E4EEFE0FA33}.net_462_Debug|x86.ActiveCfg = Debug|Any CPU
		{79EF2F29-89D1-4097-986C-5E4EEFE0FA33}.net_462_Debug|x86.Build.0 = Debug|Any CPU
		{79EF2F29-89D1-4097-986C-5E4EEFE0FA33}.net_462_Release_ReadOnly|Any CPU.ActiveCfg = Release|Any CPU
		{79EF2F29-89D1-4097-986C-5E4EEFE0FA33}.net_462_Release_ReadOnly|Any CPU.Build.0 = Release|Any CPU
		{79EF2F29-89D1-4097-986C-5E4EEFE0FA33}.net_462_Release_ReadOnly|x86.ActiveCfg = Release|Any CPU
		{79EF2F29-89D1-4097-986C-5E4EEFE0FA33}.net_462_Release_ReadOnly|x86.Build.0 = Release|Any CPU
		{79EF2F29-89D1-4097-986C-5E4EEFE0FA33}.net_462_Release|Any CPU.ActiveCfg = Release|Any CPU
		{79EF2F29-89D1-4097-986C-5E4EEFE0FA33}.net_462_Release|Any CPU.Build.0 = Release|Any CPU
		{79EF2F29-89D1-4097-986C-5E4EEFE0FA33}.net_462_Release|x86.ActiveCfg = Release|Any CPU
		{79EF2F29-89D1-4097-986C-5E4EEFE0FA33}.net_462_Release|x86.Build.0 = Release|Any CPU
		{79EF2F29-89D1-4097-986C-5E4EEFE0FA33}.netstandard_Debug_ReadOnly|Any CPU.ActiveCfg = Debug|Any CPU
		{79EF2F29-89D1-4097-986C-5E4EEFE0FA33}.netstandard_Debug_ReadOnly|Any CPU.Build.0 = Debug|Any CPU
		{79EF2F29-89D1-4097-986C-5E4EEFE0FA33}.netstandard_Debug_ReadOnly|x86.ActiveCfg = Debug|Any CPU
		{79EF2F29-89D1-4097-986C-5E4EEFE0FA33}.netstandard_Debug_ReadOnly|x86.Build.0 = Debug|Any CPU
		{79EF2F29-89D1-4097-986C-5E4EEFE0FA33}.netstandard_Debug|Any CPU.ActiveCfg = Debug|Any CPU
		{79EF2F29-89D1-4097-986C-5E4EEFE0FA33}.netstandard_Debug|Any CPU.Build.0 = Debug|Any CPU
		{79EF2F29-89D1-4097-986C-5E4EEFE0FA33}.netstandard_Debug|x86.ActiveCfg = Debug|Any CPU
		{79EF2F29-89D1-4097-986C-5E4EEFE0FA33}.netstandard_Debug|x86.Build.0 = Debug|Any CPU
		{79EF2F29-89D1-4097-986C-5E4EEFE0FA33}.netstandard_Release_ReadOnly|Any CPU.ActiveCfg = Release|Any CPU
		{79EF2F29-89D1-4097-986C-5E4EEFE0FA33}.netstandard_Release_ReadOnly|Any CPU.Build.0 = Release|Any CPU
		{79EF2F29-89D1-4097-986C-5E4EEFE0FA33}.netstandard_Release_ReadOnly|x86.ActiveCfg = Release|Any CPU
		{79EF2F29-89D1-4097-986C-5E4EEFE0FA33}.netstandard_Release_ReadOnly|x86.Build.0 = Release|Any CPU
		{79EF2F29-89D1-4097-986C-5E4EEFE0FA33}.netstandard_Release|Any CPU.ActiveCfg = Release|Any CPU
		{79EF2F29-89D1-4097-986C-5E4EEFE0FA33}.netstandard_Release|Any CPU.Build.0 = Release|Any CPU
		{79EF2F29-89D1-4097-986C-5E4EEFE0FA33}.netstandard_Release|x86.ActiveCfg = Release|Any CPU
		{79EF2F29-89D1-4097-986C-5E4EEFE0FA33}.netstandard_Release|x86.Build.0 = Release|Any CPU
		{79EF2F29-89D1-4097-986C-5E4EEFE0FA33}.Release|Any CPU.ActiveCfg = Release|Any CPU
		{79EF2F29-89D1-4097-986C-5E4EEFE0FA33}.Release|Any CPU.Build.0 = Release|Any CPU
		{79EF2F29-89D1-4097-986C-5E4EEFE0FA33}.Release|x86.ActiveCfg = Release|Any CPU
		{79EF2F29-89D1-4097-986C-5E4EEFE0FA33}.Release|x86.Build.0 = Release|Any CPU
		{E6DD179D-FA31-4425-BDE1-9DD0BE0A9BE1}.Debug|Any CPU.ActiveCfg = Debug|Any CPU
		{E6DD179D-FA31-4425-BDE1-9DD0BE0A9BE1}.Debug|Any CPU.Build.0 = Debug|Any CPU
		{E6DD179D-FA31-4425-BDE1-9DD0BE0A9BE1}.Debug|x86.ActiveCfg = Debug|Any CPU
		{E6DD179D-FA31-4425-BDE1-9DD0BE0A9BE1}.Debug|x86.Build.0 = Debug|Any CPU
		{E6DD179D-FA31-4425-BDE1-9DD0BE0A9BE1}.net_3_5_Debug_ReadOnly|Any CPU.ActiveCfg = Debug|Any CPU
		{E6DD179D-FA31-4425-BDE1-9DD0BE0A9BE1}.net_3_5_Debug_ReadOnly|Any CPU.Build.0 = Debug|Any CPU
		{E6DD179D-FA31-4425-BDE1-9DD0BE0A9BE1}.net_3_5_Debug_ReadOnly|x86.ActiveCfg = Debug|Any CPU
		{E6DD179D-FA31-4425-BDE1-9DD0BE0A9BE1}.net_3_5_Debug_ReadOnly|x86.Build.0 = Debug|Any CPU
		{E6DD179D-FA31-4425-BDE1-9DD0BE0A9BE1}.net_3_5_Debug|Any CPU.ActiveCfg = Debug|Any CPU
		{E6DD179D-FA31-4425-BDE1-9DD0BE0A9BE1}.net_3_5_Debug|Any CPU.Build.0 = Debug|Any CPU
		{E6DD179D-FA31-4425-BDE1-9DD0BE0A9BE1}.net_3_5_Debug|x86.ActiveCfg = Debug|Any CPU
		{E6DD179D-FA31-4425-BDE1-9DD0BE0A9BE1}.net_3_5_Debug|x86.Build.0 = Debug|Any CPU
		{E6DD179D-FA31-4425-BDE1-9DD0BE0A9BE1}.net_3_5_Release_ReadOnly|Any CPU.ActiveCfg = Release|Any CPU
		{E6DD179D-FA31-4425-BDE1-9DD0BE0A9BE1}.net_3_5_Release_ReadOnly|Any CPU.Build.0 = Release|Any CPU
		{E6DD179D-FA31-4425-BDE1-9DD0BE0A9BE1}.net_3_5_Release_ReadOnly|x86.ActiveCfg = Release|Any CPU
		{E6DD179D-FA31-4425-BDE1-9DD0BE0A9BE1}.net_3_5_Release_ReadOnly|x86.Build.0 = Release|Any CPU
		{E6DD179D-FA31-4425-BDE1-9DD0BE0A9BE1}.net_3_5_Release|Any CPU.ActiveCfg = Release|Any CPU
		{E6DD179D-FA31-4425-BDE1-9DD0BE0A9BE1}.net_3_5_Release|Any CPU.Build.0 = Release|Any CPU
		{E6DD179D-FA31-4425-BDE1-9DD0BE0A9BE1}.net_3_5_Release|x86.ActiveCfg = Release|Any CPU
		{E6DD179D-FA31-4425-BDE1-9DD0BE0A9BE1}.net_3_5_Release|x86.Build.0 = Release|Any CPU
		{E6DD179D-FA31-4425-BDE1-9DD0BE0A9BE1}.net_4_0_Debug_ReadOnly|Any CPU.ActiveCfg = Debug|Any CPU
		{E6DD179D-FA31-4425-BDE1-9DD0BE0A9BE1}.net_4_0_Debug_ReadOnly|Any CPU.Build.0 = Debug|Any CPU
		{E6DD179D-FA31-4425-BDE1-9DD0BE0A9BE1}.net_4_0_Debug_ReadOnly|x86.ActiveCfg = Debug|Any CPU
		{E6DD179D-FA31-4425-BDE1-9DD0BE0A9BE1}.net_4_0_Debug_ReadOnly|x86.Build.0 = Debug|Any CPU
		{E6DD179D-FA31-4425-BDE1-9DD0BE0A9BE1}.net_4_0_Debug|Any CPU.ActiveCfg = Debug|Any CPU
		{E6DD179D-FA31-4425-BDE1-9DD0BE0A9BE1}.net_4_0_Debug|Any CPU.Build.0 = Debug|Any CPU
		{E6DD179D-FA31-4425-BDE1-9DD0BE0A9BE1}.net_4_0_Debug|x86.ActiveCfg = Debug|Any CPU
		{E6DD179D-FA31-4425-BDE1-9DD0BE0A9BE1}.net_4_0_Debug|x86.Build.0 = Debug|Any CPU
		{E6DD179D-FA31-4425-BDE1-9DD0BE0A9BE1}.net_4_0_Release_ReadOnly|Any CPU.ActiveCfg = Release|Any CPU
		{E6DD179D-FA31-4425-BDE1-9DD0BE0A9BE1}.net_4_0_Release_ReadOnly|Any CPU.Build.0 = Release|Any CPU
		{E6DD179D-FA31-4425-BDE1-9DD0BE0A9BE1}.net_4_0_Release_ReadOnly|x86.ActiveCfg = Release|Any CPU
		{E6DD179D-FA31-4425-BDE1-9DD0BE0A9BE1}.net_4_0_Release_ReadOnly|x86.Build.0 = Release|Any CPU
		{E6DD179D-FA31-4425-BDE1-9DD0BE0A9BE1}.net_4_0_Release|Any CPU.ActiveCfg = Release|Any CPU
		{E6DD179D-FA31-4425-BDE1-9DD0BE0A9BE1}.net_4_0_Release|Any CPU.Build.0 = Release|Any CPU
		{E6DD179D-FA31-4425-BDE1-9DD0BE0A9BE1}.net_4_0_Release|x86.ActiveCfg = Release|Any CPU
		{E6DD179D-FA31-4425-BDE1-9DD0BE0A9BE1}.net_4_0_Release|x86.Build.0 = Release|Any CPU
		{E6DD179D-FA31-4425-BDE1-9DD0BE0A9BE1}.net_462_Debug_ReadOnly|Any CPU.ActiveCfg = Debug|Any CPU
		{E6DD179D-FA31-4425-BDE1-9DD0BE0A9BE1}.net_462_Debug_ReadOnly|Any CPU.Build.0 = Debug|Any CPU
		{E6DD179D-FA31-4425-BDE1-9DD0BE0A9BE1}.net_462_Debug_ReadOnly|x86.ActiveCfg = Debug|Any CPU
		{E6DD179D-FA31-4425-BDE1-9DD0BE0A9BE1}.net_462_Debug_ReadOnly|x86.Build.0 = Debug|Any CPU
		{E6DD179D-FA31-4425-BDE1-9DD0BE0A9BE1}.net_462_Debug|Any CPU.ActiveCfg = Debug|Any CPU
		{E6DD179D-FA31-4425-BDE1-9DD0BE0A9BE1}.net_462_Debug|Any CPU.Build.0 = Debug|Any CPU
		{E6DD179D-FA31-4425-BDE1-9DD0BE0A9BE1}.net_462_Debug|x86.ActiveCfg = Debug|Any CPU
		{E6DD179D-FA31-4425-BDE1-9DD0BE0A9BE1}.net_462_Debug|x86.Build.0 = Debug|Any CPU
		{E6DD179D-FA31-4425-BDE1-9DD0BE0A9BE1}.net_462_Release_ReadOnly|Any CPU.ActiveCfg = Release|Any CPU
		{E6DD179D-FA31-4425-BDE1-9DD0BE0A9BE1}.net_462_Release_ReadOnly|Any CPU.Build.0 = Release|Any CPU
		{E6DD179D-FA31-4425-BDE1-9DD0BE0A9BE1}.net_462_Release_ReadOnly|x86.ActiveCfg = Release|Any CPU
		{E6DD179D-FA31-4425-BDE1-9DD0BE0A9BE1}.net_462_Release_ReadOnly|x86.Build.0 = Release|Any CPU
		{E6DD179D-FA31-4425-BDE1-9DD0BE0A9BE1}.net_462_Release|Any CPU.ActiveCfg = Release|Any CPU
		{E6DD179D-FA31-4425-BDE1-9DD0BE0A9BE1}.net_462_Release|Any CPU.Build.0 = Release|Any CPU
		{E6DD179D-FA31-4425-BDE1-9DD0BE0A9BE1}.net_462_Release|x86.ActiveCfg = Release|Any CPU
		{E6DD179D-FA31-4425-BDE1-9DD0BE0A9BE1}.net_462_Release|x86.Build.0 = Release|Any CPU
		{E6DD179D-FA31-4425-BDE1-9DD0BE0A9BE1}.netstandard_Debug_ReadOnly|Any CPU.ActiveCfg = Debug|Any CPU
		{E6DD179D-FA31-4425-BDE1-9DD0BE0A9BE1}.netstandard_Debug_ReadOnly|Any CPU.Build.0 = Debug|Any CPU
		{E6DD179D-FA31-4425-BDE1-9DD0BE0A9BE1}.netstandard_Debug_ReadOnly|x86.ActiveCfg = Debug|Any CPU
		{E6DD179D-FA31-4425-BDE1-9DD0BE0A9BE1}.netstandard_Debug_ReadOnly|x86.Build.0 = Debug|Any CPU
		{E6DD179D-FA31-4425-BDE1-9DD0BE0A9BE1}.netstandard_Debug|Any CPU.ActiveCfg = Debug|Any CPU
		{E6DD179D-FA31-4425-BDE1-9DD0BE0A9BE1}.netstandard_Debug|Any CPU.Build.0 = Debug|Any CPU
		{E6DD179D-FA31-4425-BDE1-9DD0BE0A9BE1}.netstandard_Debug|x86.ActiveCfg = Debug|Any CPU
		{E6DD179D-FA31-4425-BDE1-9DD0BE0A9BE1}.netstandard_Debug|x86.Build.0 = Debug|Any CPU
		{E6DD179D-FA31-4425-BDE1-9DD0BE0A9BE1}.netstandard_Release_ReadOnly|Any CPU.ActiveCfg = Release|Any CPU
		{E6DD179D-FA31-4425-BDE1-9DD0BE0A9BE1}.netstandard_Release_ReadOnly|Any CPU.Build.0 = Release|Any CPU
		{E6DD179D-FA31-4425-BDE1-9DD0BE0A9BE1}.netstandard_Release_ReadOnly|x86.ActiveCfg = Release|Any CPU
		{E6DD179D-FA31-4425-BDE1-9DD0BE0A9BE1}.netstandard_Release_ReadOnly|x86.Build.0 = Release|Any CPU
		{E6DD179D-FA31-4425-BDE1-9DD0BE0A9BE1}.netstandard_Release|Any CPU.ActiveCfg = Release|Any CPU
		{E6DD179D-FA31-4425-BDE1-9DD0BE0A9BE1}.netstandard_Release|Any CPU.Build.0 = Release|Any CPU
		{E6DD179D-FA31-4425-BDE1-9DD0BE0A9BE1}.netstandard_Release|x86.ActiveCfg = Release|Any CPU
		{E6DD179D-FA31-4425-BDE1-9DD0BE0A9BE1}.netstandard_Release|x86.Build.0 = Release|Any CPU
		{E6DD179D-FA31-4425-BDE1-9DD0BE0A9BE1}.Release|Any CPU.ActiveCfg = Release|Any CPU
		{E6DD179D-FA31-4425-BDE1-9DD0BE0A9BE1}.Release|Any CPU.Build.0 = Release|Any CPU
		{E6DD179D-FA31-4425-BDE1-9DD0BE0A9BE1}.Release|x86.ActiveCfg = Release|Any CPU
		{E6DD179D-FA31-4425-BDE1-9DD0BE0A9BE1}.Release|x86.Build.0 = Release|Any CPU
		{BC2C44FC-17FE-4C58-AEEB-FA1CEAF78F55}.Debug|Any CPU.ActiveCfg = Debug|Any CPU
		{BC2C44FC-17FE-4C58-AEEB-FA1CEAF78F55}.Debug|Any CPU.Build.0 = Debug|Any CPU
		{BC2C44FC-17FE-4C58-AEEB-FA1CEAF78F55}.Debug|x86.ActiveCfg = Debug|Any CPU
		{BC2C44FC-17FE-4C58-AEEB-FA1CEAF78F55}.Debug|x86.Build.0 = Debug|Any CPU
		{BC2C44FC-17FE-4C58-AEEB-FA1CEAF78F55}.net_3_5_Debug_ReadOnly|Any CPU.ActiveCfg = Debug|Any CPU
		{BC2C44FC-17FE-4C58-AEEB-FA1CEAF78F55}.net_3_5_Debug_ReadOnly|Any CPU.Build.0 = Debug|Any CPU
		{BC2C44FC-17FE-4C58-AEEB-FA1CEAF78F55}.net_3_5_Debug_ReadOnly|x86.ActiveCfg = Debug|Any CPU
		{BC2C44FC-17FE-4C58-AEEB-FA1CEAF78F55}.net_3_5_Debug_ReadOnly|x86.Build.0 = Debug|Any CPU
		{BC2C44FC-17FE-4C58-AEEB-FA1CEAF78F55}.net_3_5_Debug|Any CPU.ActiveCfg = Debug|Any CPU
		{BC2C44FC-17FE-4C58-AEEB-FA1CEAF78F55}.net_3_5_Debug|Any CPU.Build.0 = Debug|Any CPU
		{BC2C44FC-17FE-4C58-AEEB-FA1CEAF78F55}.net_3_5_Debug|x86.ActiveCfg = Debug|Any CPU
		{BC2C44FC-17FE-4C58-AEEB-FA1CEAF78F55}.net_3_5_Debug|x86.Build.0 = Debug|Any CPU
		{BC2C44FC-17FE-4C58-AEEB-FA1CEAF78F55}.net_3_5_Release_ReadOnly|Any CPU.ActiveCfg = Release|Any CPU
		{BC2C44FC-17FE-4C58-AEEB-FA1CEAF78F55}.net_3_5_Release_ReadOnly|Any CPU.Build.0 = Release|Any CPU
		{BC2C44FC-17FE-4C58-AEEB-FA1CEAF78F55}.net_3_5_Release_ReadOnly|x86.ActiveCfg = Release|Any CPU
		{BC2C44FC-17FE-4C58-AEEB-FA1CEAF78F55}.net_3_5_Release_ReadOnly|x86.Build.0 = Release|Any CPU
		{BC2C44FC-17FE-4C58-AEEB-FA1CEAF78F55}.net_3_5_Release|Any CPU.ActiveCfg = Release|Any CPU
		{BC2C44FC-17FE-4C58-AEEB-FA1CEAF78F55}.net_3_5_Release|Any CPU.Build.0 = Release|Any CPU
		{BC2C44FC-17FE-4C58-AEEB-FA1CEAF78F55}.net_3_5_Release|x86.ActiveCfg = Release|Any CPU
		{BC2C44FC-17FE-4C58-AEEB-FA1CEAF78F55}.net_3_5_Release|x86.Build.0 = Release|Any CPU
		{BC2C44FC-17FE-4C58-AEEB-FA1CEAF78F55}.net_4_0_Debug_ReadOnly|Any CPU.ActiveCfg = Debug|Any CPU
		{BC2C44FC-17FE-4C58-AEEB-FA1CEAF78F55}.net_4_0_Debug_ReadOnly|Any CPU.Build.0 = Debug|Any CPU
		{BC2C44FC-17FE-4C58-AEEB-FA1CEAF78F55}.net_4_0_Debug_ReadOnly|x86.ActiveCfg = Debug|Any CPU
		{BC2C44FC-17FE-4C58-AEEB-FA1CEAF78F55}.net_4_0_Debug_ReadOnly|x86.Build.0 = Debug|Any CPU
		{BC2C44FC-17FE-4C58-AEEB-FA1CEAF78F55}.net_4_0_Debug|Any CPU.ActiveCfg = Debug|Any CPU
		{BC2C44FC-17FE-4C58-AEEB-FA1CEAF78F55}.net_4_0_Debug|Any CPU.Build.0 = Debug|Any CPU
		{BC2C44FC-17FE-4C58-AEEB-FA1CEAF78F55}.net_4_0_Debug|x86.ActiveCfg = Debug|Any CPU
		{BC2C44FC-17FE-4C58-AEEB-FA1CEAF78F55}.net_4_0_Debug|x86.Build.0 = Debug|Any CPU
		{BC2C44FC-17FE-4C58-AEEB-FA1CEAF78F55}.net_4_0_Release_ReadOnly|Any CPU.ActiveCfg = Release|Any CPU
		{BC2C44FC-17FE-4C58-AEEB-FA1CEAF78F55}.net_4_0_Release_ReadOnly|Any CPU.Build.0 = Release|Any CPU
		{BC2C44FC-17FE-4C58-AEEB-FA1CEAF78F55}.net_4_0_Release_ReadOnly|x86.ActiveCfg = Release|Any CPU
		{BC2C44FC-17FE-4C58-AEEB-FA1CEAF78F55}.net_4_0_Release_ReadOnly|x86.Build.0 = Release|Any CPU
		{BC2C44FC-17FE-4C58-AEEB-FA1CEAF78F55}.net_4_0_Release|Any CPU.ActiveCfg = Release|Any CPU
		{BC2C44FC-17FE-4C58-AEEB-FA1CEAF78F55}.net_4_0_Release|Any CPU.Build.0 = Release|Any CPU
		{BC2C44FC-17FE-4C58-AEEB-FA1CEAF78F55}.net_4_0_Release|x86.ActiveCfg = Release|Any CPU
		{BC2C44FC-17FE-4C58-AEEB-FA1CEAF78F55}.net_4_0_Release|x86.Build.0 = Release|Any CPU
		{BC2C44FC-17FE-4C58-AEEB-FA1CEAF78F55}.net_462_Debug_ReadOnly|Any CPU.ActiveCfg = Debug|Any CPU
		{BC2C44FC-17FE-4C58-AEEB-FA1CEAF78F55}.net_462_Debug_ReadOnly|Any CPU.Build.0 = Debug|Any CPU
		{BC2C44FC-17FE-4C58-AEEB-FA1CEAF78F55}.net_462_Debug_ReadOnly|x86.ActiveCfg = Debug|Any CPU
		{BC2C44FC-17FE-4C58-AEEB-FA1CEAF78F55}.net_462_Debug_ReadOnly|x86.Build.0 = Debug|Any CPU
		{BC2C44FC-17FE-4C58-AEEB-FA1CEAF78F55}.net_462_Debug|Any CPU.ActiveCfg = Debug|Any CPU
		{BC2C44FC-17FE-4C58-AEEB-FA1CEAF78F55}.net_462_Debug|Any CPU.Build.0 = Debug|Any CPU
		{BC2C44FC-17FE-4C58-AEEB-FA1CEAF78F55}.net_462_Debug|x86.ActiveCfg = Debug|Any CPU
		{BC2C44FC-17FE-4C58-AEEB-FA1CEAF78F55}.net_462_Debug|x86.Build.0 = Debug|Any CPU
		{BC2C44FC-17FE-4C58-AEEB-FA1CEAF78F55}.net_462_Release_ReadOnly|Any CPU.ActiveCfg = Release|Any CPU
		{BC2C44FC-17FE-4C58-AEEB-FA1CEAF78F55}.net_462_Release_ReadOnly|Any CPU.Build.0 = Release|Any CPU
		{BC2C44FC-17FE-4C58-AEEB-FA1CEAF78F55}.net_462_Release_ReadOnly|x86.ActiveCfg = Release|Any CPU
		{BC2C44FC-17FE-4C58-AEEB-FA1CEAF78F55}.net_462_Release_ReadOnly|x86.Build.0 = Release|Any CPU
		{BC2C44FC-17FE-4C58-AEEB-FA1CEAF78F55}.net_462_Release|Any CPU.ActiveCfg = Release|Any CPU
		{BC2C44FC-17FE-4C58-AEEB-FA1CEAF78F55}.net_462_Release|Any CPU.Build.0 = Release|Any CPU
		{BC2C44FC-17FE-4C58-AEEB-FA1CEAF78F55}.net_462_Release|x86.ActiveCfg = Release|Any CPU
		{BC2C44FC-17FE-4C58-AEEB-FA1CEAF78F55}.net_462_Release|x86.Build.0 = Release|Any CPU
		{BC2C44FC-17FE-4C58-AEEB-FA1CEAF78F55}.netstandard_Debug_ReadOnly|Any CPU.ActiveCfg = Debug|Any CPU
		{BC2C44FC-17FE-4C58-AEEB-FA1CEAF78F55}.netstandard_Debug_ReadOnly|Any CPU.Build.0 = Debug|Any CPU
		{BC2C44FC-17FE-4C58-AEEB-FA1CEAF78F55}.netstandard_Debug_ReadOnly|x86.ActiveCfg = Debug|Any CPU
		{BC2C44FC-17FE-4C58-AEEB-FA1CEAF78F55}.netstandard_Debug_ReadOnly|x86.Build.0 = Debug|Any CPU
		{BC2C44FC-17FE-4C58-AEEB-FA1CEAF78F55}.netstandard_Debug|Any CPU.ActiveCfg = Debug|Any CPU
		{BC2C44FC-17FE-4C58-AEEB-FA1CEAF78F55}.netstandard_Debug|Any CPU.Build.0 = Debug|Any CPU
		{BC2C44FC-17FE-4C58-AEEB-FA1CEAF78F55}.netstandard_Debug|x86.ActiveCfg = Debug|Any CPU
		{BC2C44FC-17FE-4C58-AEEB-FA1CEAF78F55}.netstandard_Debug|x86.Build.0 = Debug|Any CPU
		{BC2C44FC-17FE-4C58-AEEB-FA1CEAF78F55}.netstandard_Release_ReadOnly|Any CPU.ActiveCfg = Release|Any CPU
		{BC2C44FC-17FE-4C58-AEEB-FA1CEAF78F55}.netstandard_Release_ReadOnly|Any CPU.Build.0 = Release|Any CPU
		{BC2C44FC-17FE-4C58-AEEB-FA1CEAF78F55}.netstandard_Release_ReadOnly|x86.ActiveCfg = Release|Any CPU
		{BC2C44FC-17FE-4C58-AEEB-FA1CEAF78F55}.netstandard_Release_ReadOnly|x86.Build.0 = Release|Any CPU
		{BC2C44FC-17FE-4C58-AEEB-FA1CEAF78F55}.netstandard_Release|Any CPU.ActiveCfg = Release|Any CPU
		{BC2C44FC-17FE-4C58-AEEB-FA1CEAF78F55}.netstandard_Release|Any CPU.Build.0 = Release|Any CPU
		{BC2C44FC-17FE-4C58-AEEB-FA1CEAF78F55}.netstandard_Release|x86.ActiveCfg = Release|Any CPU
		{BC2C44FC-17FE-4C58-AEEB-FA1CEAF78F55}.netstandard_Release|x86.Build.0 = Release|Any CPU
		{BC2C44FC-17FE-4C58-AEEB-FA1CEAF78F55}.Release|Any CPU.ActiveCfg = Release|Any CPU
		{BC2C44FC-17FE-4C58-AEEB-FA1CEAF78F55}.Release|Any CPU.Build.0 = Release|Any CPU
		{BC2C44FC-17FE-4C58-AEEB-FA1CEAF78F55}.Release|x86.ActiveCfg = Release|Any CPU
		{BC2C44FC-17FE-4C58-AEEB-FA1CEAF78F55}.Release|x86.Build.0 = Release|Any CPU
		{BEC78343-4BA2-4757-807F-7CDBF1F70C83}.Debug|Any CPU.ActiveCfg = Debug|Any CPU
		{BEC78343-4BA2-4757-807F-7CDBF1F70C83}.Debug|Any CPU.Build.0 = Debug|Any CPU
		{BEC78343-4BA2-4757-807F-7CDBF1F70C83}.Debug|x86.ActiveCfg = Debug|Any CPU
		{BEC78343-4BA2-4757-807F-7CDBF1F70C83}.Debug|x86.Build.0 = Debug|Any CPU
		{BEC78343-4BA2-4757-807F-7CDBF1F70C83}.net_3_5_Debug_ReadOnly|Any CPU.ActiveCfg = Debug|Any CPU
		{BEC78343-4BA2-4757-807F-7CDBF1F70C83}.net_3_5_Debug_ReadOnly|Any CPU.Build.0 = Debug|Any CPU
		{BEC78343-4BA2-4757-807F-7CDBF1F70C83}.net_3_5_Debug_ReadOnly|x86.ActiveCfg = Debug|Any CPU
		{BEC78343-4BA2-4757-807F-7CDBF1F70C83}.net_3_5_Debug_ReadOnly|x86.Build.0 = Debug|Any CPU
		{BEC78343-4BA2-4757-807F-7CDBF1F70C83}.net_3_5_Debug|Any CPU.ActiveCfg = Debug|Any CPU
		{BEC78343-4BA2-4757-807F-7CDBF1F70C83}.net_3_5_Debug|Any CPU.Build.0 = Debug|Any CPU
		{BEC78343-4BA2-4757-807F-7CDBF1F70C83}.net_3_5_Debug|x86.ActiveCfg = Debug|Any CPU
		{BEC78343-4BA2-4757-807F-7CDBF1F70C83}.net_3_5_Debug|x86.Build.0 = Debug|Any CPU
		{BEC78343-4BA2-4757-807F-7CDBF1F70C83}.net_3_5_Release_ReadOnly|Any CPU.ActiveCfg = Release|Any CPU
		{BEC78343-4BA2-4757-807F-7CDBF1F70C83}.net_3_5_Release_ReadOnly|Any CPU.Build.0 = Release|Any CPU
		{BEC78343-4BA2-4757-807F-7CDBF1F70C83}.net_3_5_Release_ReadOnly|x86.ActiveCfg = Release|Any CPU
		{BEC78343-4BA2-4757-807F-7CDBF1F70C83}.net_3_5_Release_ReadOnly|x86.Build.0 = Release|Any CPU
		{BEC78343-4BA2-4757-807F-7CDBF1F70C83}.net_3_5_Release|Any CPU.ActiveCfg = Release|Any CPU
		{BEC78343-4BA2-4757-807F-7CDBF1F70C83}.net_3_5_Release|Any CPU.Build.0 = Release|Any CPU
		{BEC78343-4BA2-4757-807F-7CDBF1F70C83}.net_3_5_Release|x86.ActiveCfg = Release|Any CPU
		{BEC78343-4BA2-4757-807F-7CDBF1F70C83}.net_3_5_Release|x86.Build.0 = Release|Any CPU
		{BEC78343-4BA2-4757-807F-7CDBF1F70C83}.net_4_0_Debug_ReadOnly|Any CPU.ActiveCfg = Debug|Any CPU
		{BEC78343-4BA2-4757-807F-7CDBF1F70C83}.net_4_0_Debug_ReadOnly|Any CPU.Build.0 = Debug|Any CPU
		{BEC78343-4BA2-4757-807F-7CDBF1F70C83}.net_4_0_Debug_ReadOnly|x86.ActiveCfg = Debug|Any CPU
		{BEC78343-4BA2-4757-807F-7CDBF1F70C83}.net_4_0_Debug_ReadOnly|x86.Build.0 = Debug|Any CPU
		{BEC78343-4BA2-4757-807F-7CDBF1F70C83}.net_4_0_Debug|Any CPU.ActiveCfg = Debug|Any CPU
		{BEC78343-4BA2-4757-807F-7CDBF1F70C83}.net_4_0_Debug|Any CPU.Build.0 = Debug|Any CPU
		{BEC78343-4BA2-4757-807F-7CDBF1F70C83}.net_4_0_Debug|x86.ActiveCfg = Debug|Any CPU
		{BEC78343-4BA2-4757-807F-7CDBF1F70C83}.net_4_0_Debug|x86.Build.0 = Debug|Any CPU
		{BEC78343-4BA2-4757-807F-7CDBF1F70C83}.net_4_0_Release_ReadOnly|Any CPU.ActiveCfg = Release|Any CPU
		{BEC78343-4BA2-4757-807F-7CDBF1F70C83}.net_4_0_Release_ReadOnly|Any CPU.Build.0 = Release|Any CPU
		{BEC78343-4BA2-4757-807F-7CDBF1F70C83}.net_4_0_Release_ReadOnly|x86.ActiveCfg = Release|Any CPU
		{BEC78343-4BA2-4757-807F-7CDBF1F70C83}.net_4_0_Release_ReadOnly|x86.Build.0 = Release|Any CPU
		{BEC78343-4BA2-4757-807F-7CDBF1F70C83}.net_4_0_Release|Any CPU.ActiveCfg = Release|Any CPU
		{BEC78343-4BA2-4757-807F-7CDBF1F70C83}.net_4_0_Release|Any CPU.Build.0 = Release|Any CPU
		{BEC78343-4BA2-4757-807F-7CDBF1F70C83}.net_4_0_Release|x86.ActiveCfg = Release|Any CPU
		{BEC78343-4BA2-4757-807F-7CDBF1F70C83}.net_4_0_Release|x86.Build.0 = Release|Any CPU
		{BEC78343-4BA2-4757-807F-7CDBF1F70C83}.net_462_Debug_ReadOnly|Any CPU.ActiveCfg = Debug|Any CPU
		{BEC78343-4BA2-4757-807F-7CDBF1F70C83}.net_462_Debug_ReadOnly|Any CPU.Build.0 = Debug|Any CPU
		{BEC78343-4BA2-4757-807F-7CDBF1F70C83}.net_462_Debug_ReadOnly|x86.ActiveCfg = Debug|Any CPU
		{BEC78343-4BA2-4757-807F-7CDBF1F70C83}.net_462_Debug_ReadOnly|x86.Build.0 = Debug|Any CPU
		{BEC78343-4BA2-4757-807F-7CDBF1F70C83}.net_462_Debug|Any CPU.ActiveCfg = Debug|Any CPU
		{BEC78343-4BA2-4757-807F-7CDBF1F70C83}.net_462_Debug|Any CPU.Build.0 = Debug|Any CPU
		{BEC78343-4BA2-4757-807F-7CDBF1F70C83}.net_462_Debug|x86.ActiveCfg = Debug|Any CPU
		{BEC78343-4BA2-4757-807F-7CDBF1F70C83}.net_462_Debug|x86.Build.0 = Debug|Any CPU
		{BEC78343-4BA2-4757-807F-7CDBF1F70C83}.net_462_Release_ReadOnly|Any CPU.ActiveCfg = Release|Any CPU
		{BEC78343-4BA2-4757-807F-7CDBF1F70C83}.net_462_Release_ReadOnly|Any CPU.Build.0 = Release|Any CPU
		{BEC78343-4BA2-4757-807F-7CDBF1F70C83}.net_462_Release_ReadOnly|x86.ActiveCfg = Release|Any CPU
		{BEC78343-4BA2-4757-807F-7CDBF1F70C83}.net_462_Release_ReadOnly|x86.Build.0 = Release|Any CPU
		{BEC78343-4BA2-4757-807F-7CDBF1F70C83}.net_462_Release|Any CPU.ActiveCfg = Release|Any CPU
		{BEC78343-4BA2-4757-807F-7CDBF1F70C83}.net_462_Release|Any CPU.Build.0 = Release|Any CPU
		{BEC78343-4BA2-4757-807F-7CDBF1F70C83}.net_462_Release|x86.ActiveCfg = Release|Any CPU
		{BEC78343-4BA2-4757-807F-7CDBF1F70C83}.net_462_Release|x86.Build.0 = Release|Any CPU
		{BEC78343-4BA2-4757-807F-7CDBF1F70C83}.netstandard_Debug_ReadOnly|Any CPU.ActiveCfg = Debug|Any CPU
		{BEC78343-4BA2-4757-807F-7CDBF1F70C83}.netstandard_Debug_ReadOnly|Any CPU.Build.0 = Debug|Any CPU
		{BEC78343-4BA2-4757-807F-7CDBF1F70C83}.netstandard_Debug_ReadOnly|x86.ActiveCfg = Debug|Any CPU
		{BEC78343-4BA2-4757-807F-7CDBF1F70C83}.netstandard_Debug_ReadOnly|x86.Build.0 = Debug|Any CPU
		{BEC78343-4BA2-4757-807F-7CDBF1F70C83}.netstandard_Debug|Any CPU.ActiveCfg = Debug|Any CPU
		{BEC78343-4BA2-4757-807F-7CDBF1F70C83}.netstandard_Debug|Any CPU.Build.0 = Debug|Any CPU
		{BEC78343-4BA2-4757-807F-7CDBF1F70C83}.netstandard_Debug|x86.ActiveCfg = Debug|Any CPU
		{BEC78343-4BA2-4757-807F-7CDBF1F70C83}.netstandard_Debug|x86.Build.0 = Debug|Any CPU
		{BEC78343-4BA2-4757-807F-7CDBF1F70C83}.netstandard_Release_ReadOnly|Any CPU.ActiveCfg = Release|Any CPU
		{BEC78343-4BA2-4757-807F-7CDBF1F70C83}.netstandard_Release_ReadOnly|Any CPU.Build.0 = Release|Any CPU
		{BEC78343-4BA2-4757-807F-7CDBF1F70C83}.netstandard_Release_ReadOnly|x86.ActiveCfg = Release|Any CPU
		{BEC78343-4BA2-4757-807F-7CDBF1F70C83}.netstandard_Release_ReadOnly|x86.Build.0 = Release|Any CPU
		{BEC78343-4BA2-4757-807F-7CDBF1F70C83}.netstandard_Release|Any CPU.ActiveCfg = Release|Any CPU
		{BEC78343-4BA2-4757-807F-7CDBF1F70C83}.netstandard_Release|Any CPU.Build.0 = Release|Any CPU
		{BEC78343-4BA2-4757-807F-7CDBF1F70C83}.netstandard_Release|x86.ActiveCfg = Release|Any CPU
		{BEC78343-4BA2-4757-807F-7CDBF1F70C83}.netstandard_Release|x86.Build.0 = Release|Any CPU
		{BEC78343-4BA2-4757-807F-7CDBF1F70C83}.Release|Any CPU.ActiveCfg = Release|Any CPU
		{BEC78343-4BA2-4757-807F-7CDBF1F70C83}.Release|Any CPU.Build.0 = Release|Any CPU
		{BEC78343-4BA2-4757-807F-7CDBF1F70C83}.Release|x86.ActiveCfg = Release|Any CPU
		{BEC78343-4BA2-4757-807F-7CDBF1F70C83}.Release|x86.Build.0 = Release|Any CPU
		{D285C5C9-E0EE-4B3D-991D-59E0C8CE1274}.Debug|Any CPU.ActiveCfg = Debug|Any CPU
		{D285C5C9-E0EE-4B3D-991D-59E0C8CE1274}.Debug|Any CPU.Build.0 = Debug|Any CPU
		{D285C5C9-E0EE-4B3D-991D-59E0C8CE1274}.Debug|x86.ActiveCfg = Debug|Any CPU
		{D285C5C9-E0EE-4B3D-991D-59E0C8CE1274}.Debug|x86.Build.0 = Debug|Any CPU
		{D285C5C9-E0EE-4B3D-991D-59E0C8CE1274}.net_3_5_Debug_ReadOnly|Any CPU.ActiveCfg = Debug|Any CPU
		{D285C5C9-E0EE-4B3D-991D-59E0C8CE1274}.net_3_5_Debug_ReadOnly|Any CPU.Build.0 = Debug|Any CPU
		{D285C5C9-E0EE-4B3D-991D-59E0C8CE1274}.net_3_5_Debug_ReadOnly|x86.ActiveCfg = Debug|Any CPU
		{D285C5C9-E0EE-4B3D-991D-59E0C8CE1274}.net_3_5_Debug_ReadOnly|x86.Build.0 = Debug|Any CPU
		{D285C5C9-E0EE-4B3D-991D-59E0C8CE1274}.net_3_5_Debug|Any CPU.ActiveCfg = Debug|Any CPU
		{D285C5C9-E0EE-4B3D-991D-59E0C8CE1274}.net_3_5_Debug|Any CPU.Build.0 = Debug|Any CPU
		{D285C5C9-E0EE-4B3D-991D-59E0C8CE1274}.net_3_5_Debug|x86.ActiveCfg = Debug|Any CPU
		{D285C5C9-E0EE-4B3D-991D-59E0C8CE1274}.net_3_5_Debug|x86.Build.0 = Debug|Any CPU
		{D285C5C9-E0EE-4B3D-991D-59E0C8CE1274}.net_3_5_Release_ReadOnly|Any CPU.ActiveCfg = Release|Any CPU
		{D285C5C9-E0EE-4B3D-991D-59E0C8CE1274}.net_3_5_Release_ReadOnly|Any CPU.Build.0 = Release|Any CPU
		{D285C5C9-E0EE-4B3D-991D-59E0C8CE1274}.net_3_5_Release_ReadOnly|x86.ActiveCfg = Release|Any CPU
		{D285C5C9-E0EE-4B3D-991D-59E0C8CE1274}.net_3_5_Release_ReadOnly|x86.Build.0 = Release|Any CPU
		{D285C5C9-E0EE-4B3D-991D-59E0C8CE1274}.net_3_5_Release|Any CPU.ActiveCfg = Release|Any CPU
		{D285C5C9-E0EE-4B3D-991D-59E0C8CE1274}.net_3_5_Release|Any CPU.Build.0 = Release|Any CPU
		{D285C5C9-E0EE-4B3D-991D-59E0C8CE1274}.net_3_5_Release|x86.ActiveCfg = Release|Any CPU
		{D285C5C9-E0EE-4B3D-991D-59E0C8CE1274}.net_3_5_Release|x86.Build.0 = Release|Any CPU
		{D285C5C9-E0EE-4B3D-991D-59E0C8CE1274}.net_4_0_Debug_ReadOnly|Any CPU.ActiveCfg = Debug|Any CPU
		{D285C5C9-E0EE-4B3D-991D-59E0C8CE1274}.net_4_0_Debug_ReadOnly|Any CPU.Build.0 = Debug|Any CPU
		{D285C5C9-E0EE-4B3D-991D-59E0C8CE1274}.net_4_0_Debug_ReadOnly|x86.ActiveCfg = Debug|Any CPU
		{D285C5C9-E0EE-4B3D-991D-59E0C8CE1274}.net_4_0_Debug_ReadOnly|x86.Build.0 = Debug|Any CPU
		{D285C5C9-E0EE-4B3D-991D-59E0C8CE1274}.net_4_0_Debug|Any CPU.ActiveCfg = Debug|Any CPU
		{D285C5C9-E0EE-4B3D-991D-59E0C8CE1274}.net_4_0_Debug|Any CPU.Build.0 = Debug|Any CPU
		{D285C5C9-E0EE-4B3D-991D-59E0C8CE1274}.net_4_0_Debug|x86.ActiveCfg = Debug|Any CPU
		{D285C5C9-E0EE-4B3D-991D-59E0C8CE1274}.net_4_0_Debug|x86.Build.0 = Debug|Any CPU
		{D285C5C9-E0EE-4B3D-991D-59E0C8CE1274}.net_4_0_Release_ReadOnly|Any CPU.ActiveCfg = Release|Any CPU
		{D285C5C9-E0EE-4B3D-991D-59E0C8CE1274}.net_4_0_Release_ReadOnly|Any CPU.Build.0 = Release|Any CPU
		{D285C5C9-E0EE-4B3D-991D-59E0C8CE1274}.net_4_0_Release_ReadOnly|x86.ActiveCfg = Release|Any CPU
		{D285C5C9-E0EE-4B3D-991D-59E0C8CE1274}.net_4_0_Release_ReadOnly|x86.Build.0 = Release|Any CPU
		{D285C5C9-E0EE-4B3D-991D-59E0C8CE1274}.net_4_0_Release|Any CPU.ActiveCfg = Release|Any CPU
		{D285C5C9-E0EE-4B3D-991D-59E0C8CE1274}.net_4_0_Release|Any CPU.Build.0 = Release|Any CPU
		{D285C5C9-E0EE-4B3D-991D-59E0C8CE1274}.net_4_0_Release|x86.ActiveCfg = Release|Any CPU
		{D285C5C9-E0EE-4B3D-991D-59E0C8CE1274}.net_4_0_Release|x86.Build.0 = Release|Any CPU
		{D285C5C9-E0EE-4B3D-991D-59E0C8CE1274}.net_462_Debug_ReadOnly|Any CPU.ActiveCfg = Debug|Any CPU
		{D285C5C9-E0EE-4B3D-991D-59E0C8CE1274}.net_462_Debug_ReadOnly|Any CPU.Build.0 = Debug|Any CPU
		{D285C5C9-E0EE-4B3D-991D-59E0C8CE1274}.net_462_Debug_ReadOnly|x86.ActiveCfg = Debug|Any CPU
		{D285C5C9-E0EE-4B3D-991D-59E0C8CE1274}.net_462_Debug_ReadOnly|x86.Build.0 = Debug|Any CPU
		{D285C5C9-E0EE-4B3D-991D-59E0C8CE1274}.net_462_Debug|Any CPU.ActiveCfg = Debug|Any CPU
		{D285C5C9-E0EE-4B3D-991D-59E0C8CE1274}.net_462_Debug|Any CPU.Build.0 = Debug|Any CPU
		{D285C5C9-E0EE-4B3D-991D-59E0C8CE1274}.net_462_Debug|x86.ActiveCfg = Debug|Any CPU
		{D285C5C9-E0EE-4B3D-991D-59E0C8CE1274}.net_462_Debug|x86.Build.0 = Debug|Any CPU
		{D285C5C9-E0EE-4B3D-991D-59E0C8CE1274}.net_462_Release_ReadOnly|Any CPU.ActiveCfg = Release|Any CPU
		{D285C5C9-E0EE-4B3D-991D-59E0C8CE1274}.net_462_Release_ReadOnly|Any CPU.Build.0 = Release|Any CPU
		{D285C5C9-E0EE-4B3D-991D-59E0C8CE1274}.net_462_Release_ReadOnly|x86.ActiveCfg = Release|Any CPU
		{D285C5C9-E0EE-4B3D-991D-59E0C8CE1274}.net_462_Release_ReadOnly|x86.Build.0 = Release|Any CPU
		{D285C5C9-E0EE-4B3D-991D-59E0C8CE1274}.net_462_Release|Any CPU.ActiveCfg = Release|Any CPU
		{D285C5C9-E0EE-4B3D-991D-59E0C8CE1274}.net_462_Release|Any CPU.Build.0 = Release|Any CPU
		{D285C5C9-E0EE-4B3D-991D-59E0C8CE1274}.net_462_Release|x86.ActiveCfg = Release|Any CPU
		{D285C5C9-E0EE-4B3D-991D-59E0C8CE1274}.net_462_Release|x86.Build.0 = Release|Any CPU
		{D285C5C9-E0EE-4B3D-991D-59E0C8CE1274}.netstandard_Debug_ReadOnly|Any CPU.ActiveCfg = Debug|Any CPU
		{D285C5C9-E0EE-4B3D-991D-59E0C8CE1274}.netstandard_Debug_ReadOnly|Any CPU.Build.0 = Debug|Any CPU
		{D285C5C9-E0EE-4B3D-991D-59E0C8CE1274}.netstandard_Debug_ReadOnly|x86.ActiveCfg = Debug|Any CPU
		{D285C5C9-E0EE-4B3D-991D-59E0C8CE1274}.netstandard_Debug_ReadOnly|x86.Build.0 = Debug|Any CPU
		{D285C5C9-E0EE-4B3D-991D-59E0C8CE1274}.netstandard_Debug|Any CPU.ActiveCfg = Debug|Any CPU
		{D285C5C9-E0EE-4B3D-991D-59E0C8CE1274}.netstandard_Debug|Any CPU.Build.0 = Debug|Any CPU
		{D285C5C9-E0EE-4B3D-991D-59E0C8CE1274}.netstandard_Debug|x86.ActiveCfg = Debug|Any CPU
		{D285C5C9-E0EE-4B3D-991D-59E0C8CE1274}.netstandard_Debug|x86.Build.0 = Debug|Any CPU
		{D285C5C9-E0EE-4B3D-991D-59E0C8CE1274}.netstandard_Release_ReadOnly|Any CPU.ActiveCfg = Release|Any CPU
		{D285C5C9-E0EE-4B3D-991D-59E0C8CE1274}.netstandard_Release_ReadOnly|Any CPU.Build.0 = Release|Any CPU
		{D285C5C9-E0EE-4B3D-991D-59E0C8CE1274}.netstandard_Release_ReadOnly|x86.ActiveCfg = Release|Any CPU
		{D285C5C9-E0EE-4B3D-991D-59E0C8CE1274}.netstandard_Release_ReadOnly|x86.Build.0 = Release|Any CPU
		{D285C5C9-E0EE-4B3D-991D-59E0C8CE1274}.netstandard_Release|Any CPU.ActiveCfg = Release|Any CPU
		{D285C5C9-E0EE-4B3D-991D-59E0C8CE1274}.netstandard_Release|Any CPU.Build.0 = Release|Any CPU
		{D285C5C9-E0EE-4B3D-991D-59E0C8CE1274}.netstandard_Release|x86.ActiveCfg = Release|Any CPU
		{D285C5C9-E0EE-4B3D-991D-59E0C8CE1274}.netstandard_Release|x86.Build.0 = Release|Any CPU
		{D285C5C9-E0EE-4B3D-991D-59E0C8CE1274}.Release|Any CPU.ActiveCfg = Release|Any CPU
		{D285C5C9-E0EE-4B3D-991D-59E0C8CE1274}.Release|Any CPU.Build.0 = Release|Any CPU
		{D285C5C9-E0EE-4B3D-991D-59E0C8CE1274}.Release|x86.ActiveCfg = Release|Any CPU
		{D285C5C9-E0EE-4B3D-991D-59E0C8CE1274}.Release|x86.Build.0 = Release|Any CPU
		{5704CA75-DFA3-4205-BA12-F23BCE2682F5}.Debug|Any CPU.ActiveCfg = Debug|Any CPU
		{5704CA75-DFA3-4205-BA12-F23BCE2682F5}.Debug|Any CPU.Build.0 = Debug|Any CPU
		{5704CA75-DFA3-4205-BA12-F23BCE2682F5}.Debug|x86.ActiveCfg = Debug|Any CPU
		{5704CA75-DFA3-4205-BA12-F23BCE2682F5}.Debug|x86.Build.0 = Debug|Any CPU
		{5704CA75-DFA3-4205-BA12-F23BCE2682F5}.net_3_5_Debug_ReadOnly|Any CPU.ActiveCfg = Debug|Any CPU
		{5704CA75-DFA3-4205-BA12-F23BCE2682F5}.net_3_5_Debug_ReadOnly|Any CPU.Build.0 = Debug|Any CPU
		{5704CA75-DFA3-4205-BA12-F23BCE2682F5}.net_3_5_Debug_ReadOnly|x86.ActiveCfg = Debug|Any CPU
		{5704CA75-DFA3-4205-BA12-F23BCE2682F5}.net_3_5_Debug_ReadOnly|x86.Build.0 = Debug|Any CPU
		{5704CA75-DFA3-4205-BA12-F23BCE2682F5}.net_3_5_Debug|Any CPU.ActiveCfg = Debug|Any CPU
		{5704CA75-DFA3-4205-BA12-F23BCE2682F5}.net_3_5_Debug|Any CPU.Build.0 = Debug|Any CPU
		{5704CA75-DFA3-4205-BA12-F23BCE2682F5}.net_3_5_Debug|x86.ActiveCfg = Debug|Any CPU
		{5704CA75-DFA3-4205-BA12-F23BCE2682F5}.net_3_5_Debug|x86.Build.0 = Debug|Any CPU
		{5704CA75-DFA3-4205-BA12-F23BCE2682F5}.net_3_5_Release_ReadOnly|Any CPU.ActiveCfg = Release|Any CPU
		{5704CA75-DFA3-4205-BA12-F23BCE2682F5}.net_3_5_Release_ReadOnly|Any CPU.Build.0 = Release|Any CPU
		{5704CA75-DFA3-4205-BA12-F23BCE2682F5}.net_3_5_Release_ReadOnly|x86.ActiveCfg = Release|Any CPU
		{5704CA75-DFA3-4205-BA12-F23BCE2682F5}.net_3_5_Release_ReadOnly|x86.Build.0 = Release|Any CPU
		{5704CA75-DFA3-4205-BA12-F23BCE2682F5}.net_3_5_Release|Any CPU.ActiveCfg = Release|Any CPU
		{5704CA75-DFA3-4205-BA12-F23BCE2682F5}.net_3_5_Release|Any CPU.Build.0 = Release|Any CPU
		{5704CA75-DFA3-4205-BA12-F23BCE2682F5}.net_3_5_Release|x86.ActiveCfg = Release|Any CPU
		{5704CA75-DFA3-4205-BA12-F23BCE2682F5}.net_3_5_Release|x86.Build.0 = Release|Any CPU
		{5704CA75-DFA3-4205-BA12-F23BCE2682F5}.net_4_0_Debug_ReadOnly|Any CPU.ActiveCfg = Debug|Any CPU
		{5704CA75-DFA3-4205-BA12-F23BCE2682F5}.net_4_0_Debug_ReadOnly|Any CPU.Build.0 = Debug|Any CPU
		{5704CA75-DFA3-4205-BA12-F23BCE2682F5}.net_4_0_Debug_ReadOnly|x86.ActiveCfg = Debug|Any CPU
		{5704CA75-DFA3-4205-BA12-F23BCE2682F5}.net_4_0_Debug_ReadOnly|x86.Build.0 = Debug|Any CPU
		{5704CA75-DFA3-4205-BA12-F23BCE2682F5}.net_4_0_Debug|Any CPU.ActiveCfg = Debug|Any CPU
		{5704CA75-DFA3-4205-BA12-F23BCE2682F5}.net_4_0_Debug|Any CPU.Build.0 = Debug|Any CPU
		{5704CA75-DFA3-4205-BA12-F23BCE2682F5}.net_4_0_Debug|x86.ActiveCfg = Debug|Any CPU
		{5704CA75-DFA3-4205-BA12-F23BCE2682F5}.net_4_0_Debug|x86.Build.0 = Debug|Any CPU
		{5704CA75-DFA3-4205-BA12-F23BCE2682F5}.net_4_0_Release_ReadOnly|Any CPU.ActiveCfg = Release|Any CPU
		{5704CA75-DFA3-4205-BA12-F23BCE2682F5}.net_4_0_Release_ReadOnly|Any CPU.Build.0 = Release|Any CPU
		{5704CA75-DFA3-4205-BA12-F23BCE2682F5}.net_4_0_Release_ReadOnly|x86.ActiveCfg = Release|Any CPU
		{5704CA75-DFA3-4205-BA12-F23BCE2682F5}.net_4_0_Release_ReadOnly|x86.Build.0 = Release|Any CPU
		{5704CA75-DFA3-4205-BA12-F23BCE2682F5}.net_4_0_Release|Any CPU.ActiveCfg = Release|Any CPU
		{5704CA75-DFA3-4205-BA12-F23BCE2682F5}.net_4_0_Release|Any CPU.Build.0 = Release|Any CPU
		{5704CA75-DFA3-4205-BA12-F23BCE2682F5}.net_4_0_Release|x86.ActiveCfg = Release|Any CPU
		{5704CA75-DFA3-4205-BA12-F23BCE2682F5}.net_4_0_Release|x86.Build.0 = Release|Any CPU
		{5704CA75-DFA3-4205-BA12-F23BCE2682F5}.net_462_Debug_ReadOnly|Any CPU.ActiveCfg = Debug|Any CPU
		{5704CA75-DFA3-4205-BA12-F23BCE2682F5}.net_462_Debug_ReadOnly|Any CPU.Build.0 = Debug|Any CPU
		{5704CA75-DFA3-4205-BA12-F23BCE2682F5}.net_462_Debug_ReadOnly|x86.ActiveCfg = Debug|Any CPU
		{5704CA75-DFA3-4205-BA12-F23BCE2682F5}.net_462_Debug_ReadOnly|x86.Build.0 = Debug|Any CPU
		{5704CA75-DFA3-4205-BA12-F23BCE2682F5}.net_462_Debug|Any CPU.ActiveCfg = Debug|Any CPU
		{5704CA75-DFA3-4205-BA12-F23BCE2682F5}.net_462_Debug|Any CPU.Build.0 = Debug|Any CPU
		{5704CA75-DFA3-4205-BA12-F23BCE2682F5}.net_462_Debug|x86.ActiveCfg = Debug|Any CPU
		{5704CA75-DFA3-4205-BA12-F23BCE2682F5}.net_462_Debug|x86.Build.0 = Debug|Any CPU
		{5704CA75-DFA3-4205-BA12-F23BCE2682F5}.net_462_Release_ReadOnly|Any CPU.ActiveCfg = Release|Any CPU
		{5704CA75-DFA3-4205-BA12-F23BCE2682F5}.net_462_Release_ReadOnly|Any CPU.Build.0 = Release|Any CPU
		{5704CA75-DFA3-4205-BA12-F23BCE2682F5}.net_462_Release_ReadOnly|x86.ActiveCfg = Release|Any CPU
		{5704CA75-DFA3-4205-BA12-F23BCE2682F5}.net_462_Release_ReadOnly|x86.Build.0 = Release|Any CPU
		{5704CA75-DFA3-4205-BA12-F23BCE2682F5}.net_462_Release|Any CPU.ActiveCfg = Release|Any CPU
		{5704CA75-DFA3-4205-BA12-F23BCE2682F5}.net_462_Release|Any CPU.Build.0 = Release|Any CPU
		{5704CA75-DFA3-4205-BA12-F23BCE2682F5}.net_462_Release|x86.ActiveCfg = Release|Any CPU
		{5704CA75-DFA3-4205-BA12-F23BCE2682F5}.net_462_Release|x86.Build.0 = Release|Any CPU
		{5704CA75-DFA3-4205-BA12-F23BCE2682F5}.netstandard_Debug_ReadOnly|Any CPU.ActiveCfg = Debug|Any CPU
		{5704CA75-DFA3-4205-BA12-F23BCE2682F5}.netstandard_Debug_ReadOnly|Any CPU.Build.0 = Debug|Any CPU
		{5704CA75-DFA3-4205-BA12-F23BCE2682F5}.netstandard_Debug_ReadOnly|x86.ActiveCfg = Debug|Any CPU
		{5704CA75-DFA3-4205-BA12-F23BCE2682F5}.netstandard_Debug_ReadOnly|x86.Build.0 = Debug|Any CPU
		{5704CA75-DFA3-4205-BA12-F23BCE2682F5}.netstandard_Debug|Any CPU.ActiveCfg = Debug|Any CPU
		{5704CA75-DFA3-4205-BA12-F23BCE2682F5}.netstandard_Debug|Any CPU.Build.0 = Debug|Any CPU
		{5704CA75-DFA3-4205-BA12-F23BCE2682F5}.netstandard_Debug|x86.ActiveCfg = Debug|Any CPU
		{5704CA75-DFA3-4205-BA12-F23BCE2682F5}.netstandard_Debug|x86.Build.0 = Debug|Any CPU
		{5704CA75-DFA3-4205-BA12-F23BCE2682F5}.netstandard_Release_ReadOnly|Any CPU.ActiveCfg = Release|Any CPU
		{5704CA75-DFA3-4205-BA12-F23BCE2682F5}.netstandard_Release_ReadOnly|Any CPU.Build.0 = Release|Any CPU
		{5704CA75-DFA3-4205-BA12-F23BCE2682F5}.netstandard_Release_ReadOnly|x86.ActiveCfg = Release|Any CPU
		{5704CA75-DFA3-4205-BA12-F23BCE2682F5}.netstandard_Release_ReadOnly|x86.Build.0 = Release|Any CPU
		{5704CA75-DFA3-4205-BA12-F23BCE2682F5}.netstandard_Release|Any CPU.ActiveCfg = Release|Any CPU
		{5704CA75-DFA3-4205-BA12-F23BCE2682F5}.netstandard_Release|Any CPU.Build.0 = Release|Any CPU
		{5704CA75-DFA3-4205-BA12-F23BCE2682F5}.netstandard_Release|x86.ActiveCfg = Release|Any CPU
		{5704CA75-DFA3-4205-BA12-F23BCE2682F5}.netstandard_Release|x86.Build.0 = Release|Any CPU
		{5704CA75-DFA3-4205-BA12-F23BCE2682F5}.Release|Any CPU.ActiveCfg = Release|Any CPU
		{5704CA75-DFA3-4205-BA12-F23BCE2682F5}.Release|Any CPU.Build.0 = Release|Any CPU
		{5704CA75-DFA3-4205-BA12-F23BCE2682F5}.Release|x86.ActiveCfg = Release|Any CPU
		{5704CA75-DFA3-4205-BA12-F23BCE2682F5}.Release|x86.Build.0 = Release|Any CPU
		{217AE15B-840C-4F8F-93CD-9D331AA4C81A}.Debug|Any CPU.ActiveCfg = Debug|Any CPU
		{217AE15B-840C-4F8F-93CD-9D331AA4C81A}.Debug|Any CPU.Build.0 = Debug|Any CPU
		{217AE15B-840C-4F8F-93CD-9D331AA4C81A}.Debug|x86.ActiveCfg = Debug|Any CPU
		{217AE15B-840C-4F8F-93CD-9D331AA4C81A}.Debug|x86.Build.0 = Debug|Any CPU
		{217AE15B-840C-4F8F-93CD-9D331AA4C81A}.net_3_5_Debug_ReadOnly|Any CPU.ActiveCfg = Debug|Any CPU
		{217AE15B-840C-4F8F-93CD-9D331AA4C81A}.net_3_5_Debug_ReadOnly|Any CPU.Build.0 = Debug|Any CPU
		{217AE15B-840C-4F8F-93CD-9D331AA4C81A}.net_3_5_Debug_ReadOnly|x86.ActiveCfg = Debug|Any CPU
		{217AE15B-840C-4F8F-93CD-9D331AA4C81A}.net_3_5_Debug_ReadOnly|x86.Build.0 = Debug|Any CPU
		{217AE15B-840C-4F8F-93CD-9D331AA4C81A}.net_3_5_Debug|Any CPU.ActiveCfg = Debug|Any CPU
		{217AE15B-840C-4F8F-93CD-9D331AA4C81A}.net_3_5_Debug|Any CPU.Build.0 = Debug|Any CPU
		{217AE15B-840C-4F8F-93CD-9D331AA4C81A}.net_3_5_Debug|x86.ActiveCfg = Debug|Any CPU
		{217AE15B-840C-4F8F-93CD-9D331AA4C81A}.net_3_5_Debug|x86.Build.0 = Debug|Any CPU
		{217AE15B-840C-4F8F-93CD-9D331AA4C81A}.net_3_5_Release_ReadOnly|Any CPU.ActiveCfg = Release|Any CPU
		{217AE15B-840C-4F8F-93CD-9D331AA4C81A}.net_3_5_Release_ReadOnly|Any CPU.Build.0 = Release|Any CPU
		{217AE15B-840C-4F8F-93CD-9D331AA4C81A}.net_3_5_Release_ReadOnly|x86.ActiveCfg = Release|Any CPU
		{217AE15B-840C-4F8F-93CD-9D331AA4C81A}.net_3_5_Release_ReadOnly|x86.Build.0 = Release|Any CPU
		{217AE15B-840C-4F8F-93CD-9D331AA4C81A}.net_3_5_Release|Any CPU.ActiveCfg = Release|Any CPU
		{217AE15B-840C-4F8F-93CD-9D331AA4C81A}.net_3_5_Release|Any CPU.Build.0 = Release|Any CPU
		{217AE15B-840C-4F8F-93CD-9D331AA4C81A}.net_3_5_Release|x86.ActiveCfg = Release|Any CPU
		{217AE15B-840C-4F8F-93CD-9D331AA4C81A}.net_3_5_Release|x86.Build.0 = Release|Any CPU
		{217AE15B-840C-4F8F-93CD-9D331AA4C81A}.net_4_0_Debug_ReadOnly|Any CPU.ActiveCfg = Debug|Any CPU
		{217AE15B-840C-4F8F-93CD-9D331AA4C81A}.net_4_0_Debug_ReadOnly|Any CPU.Build.0 = Debug|Any CPU
		{217AE15B-840C-4F8F-93CD-9D331AA4C81A}.net_4_0_Debug_ReadOnly|x86.ActiveCfg = Debug|Any CPU
		{217AE15B-840C-4F8F-93CD-9D331AA4C81A}.net_4_0_Debug_ReadOnly|x86.Build.0 = Debug|Any CPU
		{217AE15B-840C-4F8F-93CD-9D331AA4C81A}.net_4_0_Debug|Any CPU.ActiveCfg = Debug|Any CPU
		{217AE15B-840C-4F8F-93CD-9D331AA4C81A}.net_4_0_Debug|Any CPU.Build.0 = Debug|Any CPU
		{217AE15B-840C-4F8F-93CD-9D331AA4C81A}.net_4_0_Debug|x86.ActiveCfg = Debug|Any CPU
		{217AE15B-840C-4F8F-93CD-9D331AA4C81A}.net_4_0_Debug|x86.Build.0 = Debug|Any CPU
		{217AE15B-840C-4F8F-93CD-9D331AA4C81A}.net_4_0_Release_ReadOnly|Any CPU.ActiveCfg = Release|Any CPU
		{217AE15B-840C-4F8F-93CD-9D331AA4C81A}.net_4_0_Release_ReadOnly|Any CPU.Build.0 = Release|Any CPU
		{217AE15B-840C-4F8F-93CD-9D331AA4C81A}.net_4_0_Release_ReadOnly|x86.ActiveCfg = Release|Any CPU
		{217AE15B-840C-4F8F-93CD-9D331AA4C81A}.net_4_0_Release_ReadOnly|x86.Build.0 = Release|Any CPU
		{217AE15B-840C-4F8F-93CD-9D331AA4C81A}.net_4_0_Release|Any CPU.ActiveCfg = Release|Any CPU
		{217AE15B-840C-4F8F-93CD-9D331AA4C81A}.net_4_0_Release|Any CPU.Build.0 = Release|Any CPU
		{217AE15B-840C-4F8F-93CD-9D331AA4C81A}.net_4_0_Release|x86.ActiveCfg = Release|Any CPU
		{217AE15B-840C-4F8F-93CD-9D331AA4C81A}.net_4_0_Release|x86.Build.0 = Release|Any CPU
		{217AE15B-840C-4F8F-93CD-9D331AA4C81A}.net_462_Debug_ReadOnly|Any CPU.ActiveCfg = Debug|Any CPU
		{217AE15B-840C-4F8F-93CD-9D331AA4C81A}.net_462_Debug_ReadOnly|Any CPU.Build.0 = Debug|Any CPU
		{217AE15B-840C-4F8F-93CD-9D331AA4C81A}.net_462_Debug_ReadOnly|x86.ActiveCfg = Debug|Any CPU
		{217AE15B-840C-4F8F-93CD-9D331AA4C81A}.net_462_Debug_ReadOnly|x86.Build.0 = Debug|Any CPU
		{217AE15B-840C-4F8F-93CD-9D331AA4C81A}.net_462_Debug|Any CPU.ActiveCfg = Debug|Any CPU
		{217AE15B-840C-4F8F-93CD-9D331AA4C81A}.net_462_Debug|Any CPU.Build.0 = Debug|Any CPU
		{217AE15B-840C-4F8F-93CD-9D331AA4C81A}.net_462_Debug|x86.ActiveCfg = Debug|Any CPU
		{217AE15B-840C-4F8F-93CD-9D331AA4C81A}.net_462_Debug|x86.Build.0 = Debug|Any CPU
		{217AE15B-840C-4F8F-93CD-9D331AA4C81A}.net_462_Release_ReadOnly|Any CPU.ActiveCfg = Release|Any CPU
		{217AE15B-840C-4F8F-93CD-9D331AA4C81A}.net_462_Release_ReadOnly|Any CPU.Build.0 = Release|Any CPU
		{217AE15B-840C-4F8F-93CD-9D331AA4C81A}.net_462_Release_ReadOnly|x86.ActiveCfg = Release|Any CPU
		{217AE15B-840C-4F8F-93CD-9D331AA4C81A}.net_462_Release_ReadOnly|x86.Build.0 = Release|Any CPU
		{217AE15B-840C-4F8F-93CD-9D331AA4C81A}.net_462_Release|Any CPU.ActiveCfg = Release|Any CPU
		{217AE15B-840C-4F8F-93CD-9D331AA4C81A}.net_462_Release|Any CPU.Build.0 = Release|Any CPU
		{217AE15B-840C-4F8F-93CD-9D331AA4C81A}.net_462_Release|x86.ActiveCfg = Release|Any CPU
		{217AE15B-840C-4F8F-93CD-9D331AA4C81A}.net_462_Release|x86.Build.0 = Release|Any CPU
		{217AE15B-840C-4F8F-93CD-9D331AA4C81A}.netstandard_Debug_ReadOnly|Any CPU.ActiveCfg = Debug|Any CPU
		{217AE15B-840C-4F8F-93CD-9D331AA4C81A}.netstandard_Debug_ReadOnly|Any CPU.Build.0 = Debug|Any CPU
		{217AE15B-840C-4F8F-93CD-9D331AA4C81A}.netstandard_Debug_ReadOnly|x86.ActiveCfg = Debug|Any CPU
		{217AE15B-840C-4F8F-93CD-9D331AA4C81A}.netstandard_Debug_ReadOnly|x86.Build.0 = Debug|Any CPU
		{217AE15B-840C-4F8F-93CD-9D331AA4C81A}.netstandard_Debug|Any CPU.ActiveCfg = Debug|Any CPU
		{217AE15B-840C-4F8F-93CD-9D331AA4C81A}.netstandard_Debug|Any CPU.Build.0 = Debug|Any CPU
		{217AE15B-840C-4F8F-93CD-9D331AA4C81A}.netstandard_Debug|x86.ActiveCfg = Debug|Any CPU
		{217AE15B-840C-4F8F-93CD-9D331AA4C81A}.netstandard_Debug|x86.Build.0 = Debug|Any CPU
		{217AE15B-840C-4F8F-93CD-9D331AA4C81A}.netstandard_Release_ReadOnly|Any CPU.ActiveCfg = Release|Any CPU
		{217AE15B-840C-4F8F-93CD-9D331AA4C81A}.netstandard_Release_ReadOnly|Any CPU.Build.0 = Release|Any CPU
		{217AE15B-840C-4F8F-93CD-9D331AA4C81A}.netstandard_Release_ReadOnly|x86.ActiveCfg = Release|Any CPU
		{217AE15B-840C-4F8F-93CD-9D331AA4C81A}.netstandard_Release_ReadOnly|x86.Build.0 = Release|Any CPU
		{217AE15B-840C-4F8F-93CD-9D331AA4C81A}.netstandard_Release|Any CPU.ActiveCfg = Release|Any CPU
		{217AE15B-840C-4F8F-93CD-9D331AA4C81A}.netstandard_Release|Any CPU.Build.0 = Release|Any CPU
		{217AE15B-840C-4F8F-93CD-9D331AA4C81A}.netstandard_Release|x86.ActiveCfg = Release|Any CPU
		{217AE15B-840C-4F8F-93CD-9D331AA4C81A}.netstandard_Release|x86.Build.0 = Release|Any CPU
		{217AE15B-840C-4F8F-93CD-9D331AA4C81A}.Release|Any CPU.ActiveCfg = Release|Any CPU
		{217AE15B-840C-4F8F-93CD-9D331AA4C81A}.Release|Any CPU.Build.0 = Release|Any CPU
		{217AE15B-840C-4F8F-93CD-9D331AA4C81A}.Release|x86.ActiveCfg = Release|Any CPU
		{217AE15B-840C-4F8F-93CD-9D331AA4C81A}.Release|x86.Build.0 = Release|Any CPU
		{AD304835-4DBA-49F3-A13D-F173BC828EBF}.Debug|Any CPU.ActiveCfg = Debug|Any CPU
		{AD304835-4DBA-49F3-A13D-F173BC828EBF}.Debug|Any CPU.Build.0 = Debug|Any CPU
		{AD304835-4DBA-49F3-A13D-F173BC828EBF}.Debug|x86.ActiveCfg = Debug|Any CPU
		{AD304835-4DBA-49F3-A13D-F173BC828EBF}.Debug|x86.Build.0 = Debug|Any CPU
		{AD304835-4DBA-49F3-A13D-F173BC828EBF}.net_3_5_Debug_ReadOnly|Any CPU.ActiveCfg = Debug|Any CPU
		{AD304835-4DBA-49F3-A13D-F173BC828EBF}.net_3_5_Debug_ReadOnly|Any CPU.Build.0 = Debug|Any CPU
		{AD304835-4DBA-49F3-A13D-F173BC828EBF}.net_3_5_Debug_ReadOnly|x86.ActiveCfg = Debug|Any CPU
		{AD304835-4DBA-49F3-A13D-F173BC828EBF}.net_3_5_Debug_ReadOnly|x86.Build.0 = Debug|Any CPU
		{AD304835-4DBA-49F3-A13D-F173BC828EBF}.net_3_5_Debug|Any CPU.ActiveCfg = Debug|Any CPU
		{AD304835-4DBA-49F3-A13D-F173BC828EBF}.net_3_5_Debug|Any CPU.Build.0 = Debug|Any CPU
		{AD304835-4DBA-49F3-A13D-F173BC828EBF}.net_3_5_Debug|x86.ActiveCfg = Debug|Any CPU
		{AD304835-4DBA-49F3-A13D-F173BC828EBF}.net_3_5_Debug|x86.Build.0 = Debug|Any CPU
		{AD304835-4DBA-49F3-A13D-F173BC828EBF}.net_3_5_Release_ReadOnly|Any CPU.ActiveCfg = Release|Any CPU
		{AD304835-4DBA-49F3-A13D-F173BC828EBF}.net_3_5_Release_ReadOnly|Any CPU.Build.0 = Release|Any CPU
		{AD304835-4DBA-49F3-A13D-F173BC828EBF}.net_3_5_Release_ReadOnly|x86.ActiveCfg = Release|Any CPU
		{AD304835-4DBA-49F3-A13D-F173BC828EBF}.net_3_5_Release_ReadOnly|x86.Build.0 = Release|Any CPU
		{AD304835-4DBA-49F3-A13D-F173BC828EBF}.net_3_5_Release|Any CPU.ActiveCfg = Release|Any CPU
		{AD304835-4DBA-49F3-A13D-F173BC828EBF}.net_3_5_Release|Any CPU.Build.0 = Release|Any CPU
		{AD304835-4DBA-49F3-A13D-F173BC828EBF}.net_3_5_Release|x86.ActiveCfg = Release|Any CPU
		{AD304835-4DBA-49F3-A13D-F173BC828EBF}.net_3_5_Release|x86.Build.0 = Release|Any CPU
		{AD304835-4DBA-49F3-A13D-F173BC828EBF}.net_4_0_Debug_ReadOnly|Any CPU.ActiveCfg = Debug|Any CPU
		{AD304835-4DBA-49F3-A13D-F173BC828EBF}.net_4_0_Debug_ReadOnly|Any CPU.Build.0 = Debug|Any CPU
		{AD304835-4DBA-49F3-A13D-F173BC828EBF}.net_4_0_Debug_ReadOnly|x86.ActiveCfg = Debug|Any CPU
		{AD304835-4DBA-49F3-A13D-F173BC828EBF}.net_4_0_Debug_ReadOnly|x86.Build.0 = Debug|Any CPU
		{AD304835-4DBA-49F3-A13D-F173BC828EBF}.net_4_0_Debug|Any CPU.ActiveCfg = Debug|Any CPU
		{AD304835-4DBA-49F3-A13D-F173BC828EBF}.net_4_0_Debug|Any CPU.Build.0 = Debug|Any CPU
		{AD304835-4DBA-49F3-A13D-F173BC828EBF}.net_4_0_Debug|x86.ActiveCfg = Debug|Any CPU
		{AD304835-4DBA-49F3-A13D-F173BC828EBF}.net_4_0_Debug|x86.Build.0 = Debug|Any CPU
		{AD304835-4DBA-49F3-A13D-F173BC828EBF}.net_4_0_Release_ReadOnly|Any CPU.ActiveCfg = Release|Any CPU
		{AD304835-4DBA-49F3-A13D-F173BC828EBF}.net_4_0_Release_ReadOnly|Any CPU.Build.0 = Release|Any CPU
		{AD304835-4DBA-49F3-A13D-F173BC828EBF}.net_4_0_Release_ReadOnly|x86.ActiveCfg = Release|Any CPU
		{AD304835-4DBA-49F3-A13D-F173BC828EBF}.net_4_0_Release_ReadOnly|x86.Build.0 = Release|Any CPU
		{AD304835-4DBA-49F3-A13D-F173BC828EBF}.net_4_0_Release|Any CPU.ActiveCfg = Release|Any CPU
		{AD304835-4DBA-49F3-A13D-F173BC828EBF}.net_4_0_Release|Any CPU.Build.0 = Release|Any CPU
		{AD304835-4DBA-49F3-A13D-F173BC828EBF}.net_4_0_Release|x86.ActiveCfg = Release|Any CPU
		{AD304835-4DBA-49F3-A13D-F173BC828EBF}.net_4_0_Release|x86.Build.0 = Release|Any CPU
		{AD304835-4DBA-49F3-A13D-F173BC828EBF}.net_462_Debug_ReadOnly|Any CPU.ActiveCfg = Debug|Any CPU
		{AD304835-4DBA-49F3-A13D-F173BC828EBF}.net_462_Debug_ReadOnly|Any CPU.Build.0 = Debug|Any CPU
		{AD304835-4DBA-49F3-A13D-F173BC828EBF}.net_462_Debug_ReadOnly|x86.ActiveCfg = Debug|Any CPU
		{AD304835-4DBA-49F3-A13D-F173BC828EBF}.net_462_Debug_ReadOnly|x86.Build.0 = Debug|Any CPU
		{AD304835-4DBA-49F3-A13D-F173BC828EBF}.net_462_Debug|Any CPU.ActiveCfg = Debug|Any CPU
		{AD304835-4DBA-49F3-A13D-F173BC828EBF}.net_462_Debug|Any CPU.Build.0 = Debug|Any CPU
		{AD304835-4DBA-49F3-A13D-F173BC828EBF}.net_462_Debug|x86.ActiveCfg = Debug|Any CPU
		{AD304835-4DBA-49F3-A13D-F173BC828EBF}.net_462_Debug|x86.Build.0 = Debug|Any CPU
		{AD304835-4DBA-49F3-A13D-F173BC828EBF}.net_462_Release_ReadOnly|Any CPU.ActiveCfg = Release|Any CPU
		{AD304835-4DBA-49F3-A13D-F173BC828EBF}.net_462_Release_ReadOnly|Any CPU.Build.0 = Release|Any CPU
		{AD304835-4DBA-49F3-A13D-F173BC828EBF}.net_462_Release_ReadOnly|x86.ActiveCfg = Release|Any CPU
		{AD304835-4DBA-49F3-A13D-F173BC828EBF}.net_462_Release_ReadOnly|x86.Build.0 = Release|Any CPU
		{AD304835-4DBA-49F3-A13D-F173BC828EBF}.net_462_Release|Any CPU.ActiveCfg = Release|Any CPU
		{AD304835-4DBA-49F3-A13D-F173BC828EBF}.net_462_Release|Any CPU.Build.0 = Release|Any CPU
		{AD304835-4DBA-49F3-A13D-F173BC828EBF}.net_462_Release|x86.ActiveCfg = Release|Any CPU
		{AD304835-4DBA-49F3-A13D-F173BC828EBF}.net_462_Release|x86.Build.0 = Release|Any CPU
		{AD304835-4DBA-49F3-A13D-F173BC828EBF}.netstandard_Debug_ReadOnly|Any CPU.ActiveCfg = Debug|Any CPU
		{AD304835-4DBA-49F3-A13D-F173BC828EBF}.netstandard_Debug_ReadOnly|Any CPU.Build.0 = Debug|Any CPU
		{AD304835-4DBA-49F3-A13D-F173BC828EBF}.netstandard_Debug_ReadOnly|x86.ActiveCfg = Debug|Any CPU
		{AD304835-4DBA-49F3-A13D-F173BC828EBF}.netstandard_Debug_ReadOnly|x86.Build.0 = Debug|Any CPU
		{AD304835-4DBA-49F3-A13D-F173BC828EBF}.netstandard_Debug|Any CPU.ActiveCfg = Debug|Any CPU
		{AD304835-4DBA-49F3-A13D-F173BC828EBF}.netstandard_Debug|Any CPU.Build.0 = Debug|Any CPU
		{AD304835-4DBA-49F3-A13D-F173BC828EBF}.netstandard_Debug|x86.ActiveCfg = Debug|Any CPU
		{AD304835-4DBA-49F3-A13D-F173BC828EBF}.netstandard_Debug|x86.Build.0 = Debug|Any CPU
		{AD304835-4DBA-49F3-A13D-F173BC828EBF}.netstandard_Release_ReadOnly|Any CPU.ActiveCfg = Release|Any CPU
		{AD304835-4DBA-49F3-A13D-F173BC828EBF}.netstandard_Release_ReadOnly|Any CPU.Build.0 = Release|Any CPU
		{AD304835-4DBA-49F3-A13D-F173BC828EBF}.netstandard_Release_ReadOnly|x86.ActiveCfg = Release|Any CPU
		{AD304835-4DBA-49F3-A13D-F173BC828EBF}.netstandard_Release_ReadOnly|x86.Build.0 = Release|Any CPU
		{AD304835-4DBA-49F3-A13D-F173BC828EBF}.netstandard_Release|Any CPU.ActiveCfg = Release|Any CPU
		{AD304835-4DBA-49F3-A13D-F173BC828EBF}.netstandard_Release|Any CPU.Build.0 = Release|Any CPU
		{AD304835-4DBA-49F3-A13D-F173BC828EBF}.netstandard_Release|x86.ActiveCfg = Release|Any CPU
		{AD304835-4DBA-49F3-A13D-F173BC828EBF}.netstandard_Release|x86.Build.0 = Release|Any CPU
		{AD304835-4DBA-49F3-A13D-F173BC828EBF}.Release|Any CPU.ActiveCfg = Release|Any CPU
		{AD304835-4DBA-49F3-A13D-F173BC828EBF}.Release|Any CPU.Build.0 = Release|Any CPU
		{AD304835-4DBA-49F3-A13D-F173BC828EBF}.Release|x86.ActiveCfg = Release|Any CPU
		{AD304835-4DBA-49F3-A13D-F173BC828EBF}.Release|x86.Build.0 = Release|Any CPU
		{355E61C1-0BFA-4FF8-98A1-0457DFE595E1}.Debug|Any CPU.ActiveCfg = Debug|Any CPU
		{355E61C1-0BFA-4FF8-98A1-0457DFE595E1}.Debug|Any CPU.Build.0 = Debug|Any CPU
		{355E61C1-0BFA-4FF8-98A1-0457DFE595E1}.Debug|x86.ActiveCfg = Debug|x86
		{355E61C1-0BFA-4FF8-98A1-0457DFE595E1}.Debug|x86.Build.0 = Debug|x86
		{355E61C1-0BFA-4FF8-98A1-0457DFE595E1}.net_3_5_Debug_ReadOnly|Any CPU.ActiveCfg = Debug|Any CPU
		{355E61C1-0BFA-4FF8-98A1-0457DFE595E1}.net_3_5_Debug_ReadOnly|Any CPU.Build.0 = Debug|Any CPU
		{355E61C1-0BFA-4FF8-98A1-0457DFE595E1}.net_3_5_Debug_ReadOnly|x86.ActiveCfg = Debug|x86
		{355E61C1-0BFA-4FF8-98A1-0457DFE595E1}.net_3_5_Debug_ReadOnly|x86.Build.0 = Debug|x86
		{355E61C1-0BFA-4FF8-98A1-0457DFE595E1}.net_3_5_Debug|Any CPU.ActiveCfg = Debug|Any CPU
		{355E61C1-0BFA-4FF8-98A1-0457DFE595E1}.net_3_5_Debug|Any CPU.Build.0 = Debug|Any CPU
		{355E61C1-0BFA-4FF8-98A1-0457DFE595E1}.net_3_5_Debug|x86.ActiveCfg = Debug|x86
		{355E61C1-0BFA-4FF8-98A1-0457DFE595E1}.net_3_5_Debug|x86.Build.0 = Debug|x86
		{355E61C1-0BFA-4FF8-98A1-0457DFE595E1}.net_3_5_Release_ReadOnly|Any CPU.ActiveCfg = Release|Any CPU
		{355E61C1-0BFA-4FF8-98A1-0457DFE595E1}.net_3_5_Release_ReadOnly|Any CPU.Build.0 = Release|Any CPU
		{355E61C1-0BFA-4FF8-98A1-0457DFE595E1}.net_3_5_Release_ReadOnly|x86.ActiveCfg = Release|x86
		{355E61C1-0BFA-4FF8-98A1-0457DFE595E1}.net_3_5_Release_ReadOnly|x86.Build.0 = Release|x86
		{355E61C1-0BFA-4FF8-98A1-0457DFE595E1}.net_3_5_Release|Any CPU.ActiveCfg = Release|Any CPU
		{355E61C1-0BFA-4FF8-98A1-0457DFE595E1}.net_3_5_Release|Any CPU.Build.0 = Release|Any CPU
		{355E61C1-0BFA-4FF8-98A1-0457DFE595E1}.net_3_5_Release|x86.ActiveCfg = Release|x86
		{355E61C1-0BFA-4FF8-98A1-0457DFE595E1}.net_3_5_Release|x86.Build.0 = Release|x86
		{355E61C1-0BFA-4FF8-98A1-0457DFE595E1}.net_4_0_Debug_ReadOnly|Any CPU.ActiveCfg = Debug|Any CPU
		{355E61C1-0BFA-4FF8-98A1-0457DFE595E1}.net_4_0_Debug_ReadOnly|Any CPU.Build.0 = Debug|Any CPU
		{355E61C1-0BFA-4FF8-98A1-0457DFE595E1}.net_4_0_Debug_ReadOnly|x86.ActiveCfg = Debug|x86
		{355E61C1-0BFA-4FF8-98A1-0457DFE595E1}.net_4_0_Debug_ReadOnly|x86.Build.0 = Debug|x86
		{355E61C1-0BFA-4FF8-98A1-0457DFE595E1}.net_4_0_Debug|Any CPU.ActiveCfg = Debug|Any CPU
		{355E61C1-0BFA-4FF8-98A1-0457DFE595E1}.net_4_0_Debug|Any CPU.Build.0 = Debug|Any CPU
		{355E61C1-0BFA-4FF8-98A1-0457DFE595E1}.net_4_0_Debug|x86.ActiveCfg = Debug|x86
		{355E61C1-0BFA-4FF8-98A1-0457DFE595E1}.net_4_0_Debug|x86.Build.0 = Debug|x86
		{355E61C1-0BFA-4FF8-98A1-0457DFE595E1}.net_4_0_Release_ReadOnly|Any CPU.ActiveCfg = Release|Any CPU
		{355E61C1-0BFA-4FF8-98A1-0457DFE595E1}.net_4_0_Release_ReadOnly|Any CPU.Build.0 = Release|Any CPU
		{355E61C1-0BFA-4FF8-98A1-0457DFE595E1}.net_4_0_Release_ReadOnly|x86.ActiveCfg = Release|x86
		{355E61C1-0BFA-4FF8-98A1-0457DFE595E1}.net_4_0_Release_ReadOnly|x86.Build.0 = Release|x86
		{355E61C1-0BFA-4FF8-98A1-0457DFE595E1}.net_4_0_Release|Any CPU.ActiveCfg = Release|Any CPU
		{355E61C1-0BFA-4FF8-98A1-0457DFE595E1}.net_4_0_Release|Any CPU.Build.0 = Release|Any CPU
		{355E61C1-0BFA-4FF8-98A1-0457DFE595E1}.net_4_0_Release|x86.ActiveCfg = Release|x86
		{355E61C1-0BFA-4FF8-98A1-0457DFE595E1}.net_4_0_Release|x86.Build.0 = Release|x86
		{355E61C1-0BFA-4FF8-98A1-0457DFE595E1}.net_462_Debug_ReadOnly|Any CPU.ActiveCfg = Debug|Any CPU
		{355E61C1-0BFA-4FF8-98A1-0457DFE595E1}.net_462_Debug_ReadOnly|Any CPU.Build.0 = Debug|Any CPU
		{355E61C1-0BFA-4FF8-98A1-0457DFE595E1}.net_462_Debug_ReadOnly|x86.ActiveCfg = Debug|x86
		{355E61C1-0BFA-4FF8-98A1-0457DFE595E1}.net_462_Debug_ReadOnly|x86.Build.0 = Debug|x86
		{355E61C1-0BFA-4FF8-98A1-0457DFE595E1}.net_462_Debug|Any CPU.ActiveCfg = Debug|Any CPU
		{355E61C1-0BFA-4FF8-98A1-0457DFE595E1}.net_462_Debug|Any CPU.Build.0 = Debug|Any CPU
		{355E61C1-0BFA-4FF8-98A1-0457DFE595E1}.net_462_Debug|x86.ActiveCfg = Debug|x86
		{355E61C1-0BFA-4FF8-98A1-0457DFE595E1}.net_462_Debug|x86.Build.0 = Debug|x86
		{355E61C1-0BFA-4FF8-98A1-0457DFE595E1}.net_462_Release_ReadOnly|Any CPU.ActiveCfg = Release|Any CPU
		{355E61C1-0BFA-4FF8-98A1-0457DFE595E1}.net_462_Release_ReadOnly|Any CPU.Build.0 = Release|Any CPU
		{355E61C1-0BFA-4FF8-98A1-0457DFE595E1}.net_462_Release_ReadOnly|x86.ActiveCfg = Release|x86
		{355E61C1-0BFA-4FF8-98A1-0457DFE595E1}.net_462_Release_ReadOnly|x86.Build.0 = Release|x86
		{355E61C1-0BFA-4FF8-98A1-0457DFE595E1}.net_462_Release|Any CPU.ActiveCfg = Release|Any CPU
		{355E61C1-0BFA-4FF8-98A1-0457DFE595E1}.net_462_Release|Any CPU.Build.0 = Release|Any CPU
		{355E61C1-0BFA-4FF8-98A1-0457DFE595E1}.net_462_Release|x86.ActiveCfg = Release|x86
		{355E61C1-0BFA-4FF8-98A1-0457DFE595E1}.net_462_Release|x86.Build.0 = Release|x86
		{355E61C1-0BFA-4FF8-98A1-0457DFE595E1}.netstandard_Debug_ReadOnly|Any CPU.ActiveCfg = Debug|Any CPU
		{355E61C1-0BFA-4FF8-98A1-0457DFE595E1}.netstandard_Debug_ReadOnly|Any CPU.Build.0 = Debug|Any CPU
		{355E61C1-0BFA-4FF8-98A1-0457DFE595E1}.netstandard_Debug_ReadOnly|x86.ActiveCfg = Debug|x86
		{355E61C1-0BFA-4FF8-98A1-0457DFE595E1}.netstandard_Debug_ReadOnly|x86.Build.0 = Debug|x86
		{355E61C1-0BFA-4FF8-98A1-0457DFE595E1}.netstandard_Debug|Any CPU.ActiveCfg = Debug|Any CPU
		{355E61C1-0BFA-4FF8-98A1-0457DFE595E1}.netstandard_Debug|Any CPU.Build.0 = Debug|Any CPU
		{355E61C1-0BFA-4FF8-98A1-0457DFE595E1}.netstandard_Debug|x86.ActiveCfg = Debug|x86
		{355E61C1-0BFA-4FF8-98A1-0457DFE595E1}.netstandard_Debug|x86.Build.0 = Debug|x86
		{355E61C1-0BFA-4FF8-98A1-0457DFE595E1}.netstandard_Release_ReadOnly|Any CPU.ActiveCfg = Release|Any CPU
		{355E61C1-0BFA-4FF8-98A1-0457DFE595E1}.netstandard_Release_ReadOnly|Any CPU.Build.0 = Release|Any CPU
		{355E61C1-0BFA-4FF8-98A1-0457DFE595E1}.netstandard_Release_ReadOnly|x86.ActiveCfg = Release|x86
		{355E61C1-0BFA-4FF8-98A1-0457DFE595E1}.netstandard_Release_ReadOnly|x86.Build.0 = Release|x86
		{355E61C1-0BFA-4FF8-98A1-0457DFE595E1}.netstandard_Release|Any CPU.ActiveCfg = Release|Any CPU
		{355E61C1-0BFA-4FF8-98A1-0457DFE595E1}.netstandard_Release|Any CPU.Build.0 = Release|Any CPU
		{355E61C1-0BFA-4FF8-98A1-0457DFE595E1}.netstandard_Release|x86.ActiveCfg = Release|x86
		{355E61C1-0BFA-4FF8-98A1-0457DFE595E1}.netstandard_Release|x86.Build.0 = Release|x86
		{355E61C1-0BFA-4FF8-98A1-0457DFE595E1}.Release|Any CPU.ActiveCfg = Release|Any CPU
		{355E61C1-0BFA-4FF8-98A1-0457DFE595E1}.Release|Any CPU.Build.0 = Release|Any CPU
		{355E61C1-0BFA-4FF8-98A1-0457DFE595E1}.Release|x86.ActiveCfg = Release|x86
		{355E61C1-0BFA-4FF8-98A1-0457DFE595E1}.Release|x86.Build.0 = Release|x86
		{2455AAFB-521F-484F-B00D-8A9BB7377A5E}.Debug|Any CPU.ActiveCfg = Debug|Any CPU
		{2455AAFB-521F-484F-B00D-8A9BB7377A5E}.Debug|Any CPU.Build.0 = Debug|Any CPU
		{2455AAFB-521F-484F-B00D-8A9BB7377A5E}.Debug|x86.ActiveCfg = Debug|Any CPU
		{2455AAFB-521F-484F-B00D-8A9BB7377A5E}.Debug|x86.Build.0 = Debug|Any CPU
		{2455AAFB-521F-484F-B00D-8A9BB7377A5E}.net_3_5_Debug_ReadOnly|Any CPU.ActiveCfg = Debug|Any CPU
		{2455AAFB-521F-484F-B00D-8A9BB7377A5E}.net_3_5_Debug_ReadOnly|Any CPU.Build.0 = Debug|Any CPU
		{2455AAFB-521F-484F-B00D-8A9BB7377A5E}.net_3_5_Debug_ReadOnly|x86.ActiveCfg = Debug|Any CPU
		{2455AAFB-521F-484F-B00D-8A9BB7377A5E}.net_3_5_Debug_ReadOnly|x86.Build.0 = Debug|Any CPU
		{2455AAFB-521F-484F-B00D-8A9BB7377A5E}.net_3_5_Debug|Any CPU.ActiveCfg = Debug|Any CPU
		{2455AAFB-521F-484F-B00D-8A9BB7377A5E}.net_3_5_Debug|Any CPU.Build.0 = Debug|Any CPU
		{2455AAFB-521F-484F-B00D-8A9BB7377A5E}.net_3_5_Debug|x86.ActiveCfg = Debug|Any CPU
		{2455AAFB-521F-484F-B00D-8A9BB7377A5E}.net_3_5_Debug|x86.Build.0 = Debug|Any CPU
		{2455AAFB-521F-484F-B00D-8A9BB7377A5E}.net_3_5_Release_ReadOnly|Any CPU.ActiveCfg = Release|Any CPU
		{2455AAFB-521F-484F-B00D-8A9BB7377A5E}.net_3_5_Release_ReadOnly|Any CPU.Build.0 = Release|Any CPU
		{2455AAFB-521F-484F-B00D-8A9BB7377A5E}.net_3_5_Release_ReadOnly|x86.ActiveCfg = Release|Any CPU
		{2455AAFB-521F-484F-B00D-8A9BB7377A5E}.net_3_5_Release_ReadOnly|x86.Build.0 = Release|Any CPU
		{2455AAFB-521F-484F-B00D-8A9BB7377A5E}.net_3_5_Release|Any CPU.ActiveCfg = Release|Any CPU
		{2455AAFB-521F-484F-B00D-8A9BB7377A5E}.net_3_5_Release|Any CPU.Build.0 = Release|Any CPU
		{2455AAFB-521F-484F-B00D-8A9BB7377A5E}.net_3_5_Release|x86.ActiveCfg = Release|Any CPU
		{2455AAFB-521F-484F-B00D-8A9BB7377A5E}.net_3_5_Release|x86.Build.0 = Release|Any CPU
		{2455AAFB-521F-484F-B00D-8A9BB7377A5E}.net_4_0_Debug_ReadOnly|Any CPU.ActiveCfg = Debug|Any CPU
		{2455AAFB-521F-484F-B00D-8A9BB7377A5E}.net_4_0_Debug_ReadOnly|Any CPU.Build.0 = Debug|Any CPU
		{2455AAFB-521F-484F-B00D-8A9BB7377A5E}.net_4_0_Debug_ReadOnly|x86.ActiveCfg = Debug|Any CPU
		{2455AAFB-521F-484F-B00D-8A9BB7377A5E}.net_4_0_Debug_ReadOnly|x86.Build.0 = Debug|Any CPU
		{2455AAFB-521F-484F-B00D-8A9BB7377A5E}.net_4_0_Debug|Any CPU.ActiveCfg = Debug|Any CPU
		{2455AAFB-521F-484F-B00D-8A9BB7377A5E}.net_4_0_Debug|Any CPU.Build.0 = Debug|Any CPU
		{2455AAFB-521F-484F-B00D-8A9BB7377A5E}.net_4_0_Debug|x86.ActiveCfg = Debug|Any CPU
		{2455AAFB-521F-484F-B00D-8A9BB7377A5E}.net_4_0_Debug|x86.Build.0 = Debug|Any CPU
		{2455AAFB-521F-484F-B00D-8A9BB7377A5E}.net_4_0_Release_ReadOnly|Any CPU.ActiveCfg = Release|Any CPU
		{2455AAFB-521F-484F-B00D-8A9BB7377A5E}.net_4_0_Release_ReadOnly|Any CPU.Build.0 = Release|Any CPU
		{2455AAFB-521F-484F-B00D-8A9BB7377A5E}.net_4_0_Release_ReadOnly|x86.ActiveCfg = Release|Any CPU
		{2455AAFB-521F-484F-B00D-8A9BB7377A5E}.net_4_0_Release_ReadOnly|x86.Build.0 = Release|Any CPU
		{2455AAFB-521F-484F-B00D-8A9BB7377A5E}.net_4_0_Release|Any CPU.ActiveCfg = Release|Any CPU
		{2455AAFB-521F-484F-B00D-8A9BB7377A5E}.net_4_0_Release|Any CPU.Build.0 = Release|Any CPU
		{2455AAFB-521F-484F-B00D-8A9BB7377A5E}.net_4_0_Release|x86.ActiveCfg = Release|Any CPU
		{2455AAFB-521F-484F-B00D-8A9BB7377A5E}.net_4_0_Release|x86.Build.0 = Release|Any CPU
		{2455AAFB-521F-484F-B00D-8A9BB7377A5E}.net_462_Debug_ReadOnly|Any CPU.ActiveCfg = Debug|Any CPU
		{2455AAFB-521F-484F-B00D-8A9BB7377A5E}.net_462_Debug_ReadOnly|Any CPU.Build.0 = Debug|Any CPU
		{2455AAFB-521F-484F-B00D-8A9BB7377A5E}.net_462_Debug_ReadOnly|x86.ActiveCfg = Debug|Any CPU
		{2455AAFB-521F-484F-B00D-8A9BB7377A5E}.net_462_Debug_ReadOnly|x86.Build.0 = Debug|Any CPU
		{2455AAFB-521F-484F-B00D-8A9BB7377A5E}.net_462_Debug|Any CPU.ActiveCfg = Debug|Any CPU
		{2455AAFB-521F-484F-B00D-8A9BB7377A5E}.net_462_Debug|Any CPU.Build.0 = Debug|Any CPU
		{2455AAFB-521F-484F-B00D-8A9BB7377A5E}.net_462_Debug|x86.ActiveCfg = Debug|Any CPU
		{2455AAFB-521F-484F-B00D-8A9BB7377A5E}.net_462_Debug|x86.Build.0 = Debug|Any CPU
		{2455AAFB-521F-484F-B00D-8A9BB7377A5E}.net_462_Release_ReadOnly|Any CPU.ActiveCfg = Release|Any CPU
		{2455AAFB-521F-484F-B00D-8A9BB7377A5E}.net_462_Release_ReadOnly|Any CPU.Build.0 = Release|Any CPU
		{2455AAFB-521F-484F-B00D-8A9BB7377A5E}.net_462_Release_ReadOnly|x86.ActiveCfg = Release|Any CPU
		{2455AAFB-521F-484F-B00D-8A9BB7377A5E}.net_462_Release_ReadOnly|x86.Build.0 = Release|Any CPU
		{2455AAFB-521F-484F-B00D-8A9BB7377A5E}.net_462_Release|Any CPU.ActiveCfg = Release|Any CPU
		{2455AAFB-521F-484F-B00D-8A9BB7377A5E}.net_462_Release|Any CPU.Build.0 = Release|Any CPU
		{2455AAFB-521F-484F-B00D-8A9BB7377A5E}.net_462_Release|x86.ActiveCfg = Release|Any CPU
		{2455AAFB-521F-484F-B00D-8A9BB7377A5E}.net_462_Release|x86.Build.0 = Release|Any CPU
		{2455AAFB-521F-484F-B00D-8A9BB7377A5E}.netstandard_Debug_ReadOnly|Any CPU.ActiveCfg = Debug|Any CPU
		{2455AAFB-521F-484F-B00D-8A9BB7377A5E}.netstandard_Debug_ReadOnly|Any CPU.Build.0 = Debug|Any CPU
		{2455AAFB-521F-484F-B00D-8A9BB7377A5E}.netstandard_Debug_ReadOnly|x86.ActiveCfg = Debug|Any CPU
		{2455AAFB-521F-484F-B00D-8A9BB7377A5E}.netstandard_Debug_ReadOnly|x86.Build.0 = Debug|Any CPU
		{2455AAFB-521F-484F-B00D-8A9BB7377A5E}.netstandard_Debug|Any CPU.ActiveCfg = Debug|Any CPU
		{2455AAFB-521F-484F-B00D-8A9BB7377A5E}.netstandard_Debug|Any CPU.Build.0 = Debug|Any CPU
		{2455AAFB-521F-484F-B00D-8A9BB7377A5E}.netstandard_Debug|x86.ActiveCfg = Debug|Any CPU
		{2455AAFB-521F-484F-B00D-8A9BB7377A5E}.netstandard_Debug|x86.Build.0 = Debug|Any CPU
		{2455AAFB-521F-484F-B00D-8A9BB7377A5E}.netstandard_Release_ReadOnly|Any CPU.ActiveCfg = Release|Any CPU
		{2455AAFB-521F-484F-B00D-8A9BB7377A5E}.netstandard_Release_ReadOnly|Any CPU.Build.0 = Release|Any CPU
		{2455AAFB-521F-484F-B00D-8A9BB7377A5E}.netstandard_Release_ReadOnly|x86.ActiveCfg = Release|Any CPU
		{2455AAFB-521F-484F-B00D-8A9BB7377A5E}.netstandard_Release_ReadOnly|x86.Build.0 = Release|Any CPU
		{2455AAFB-521F-484F-B00D-8A9BB7377A5E}.netstandard_Release|Any CPU.ActiveCfg = Release|Any CPU
		{2455AAFB-521F-484F-B00D-8A9BB7377A5E}.netstandard_Release|Any CPU.Build.0 = Release|Any CPU
		{2455AAFB-521F-484F-B00D-8A9BB7377A5E}.netstandard_Release|x86.ActiveCfg = Release|Any CPU
		{2455AAFB-521F-484F-B00D-8A9BB7377A5E}.netstandard_Release|x86.Build.0 = Release|Any CPU
		{2455AAFB-521F-484F-B00D-8A9BB7377A5E}.Release|Any CPU.ActiveCfg = Release|Any CPU
		{2455AAFB-521F-484F-B00D-8A9BB7377A5E}.Release|Any CPU.Build.0 = Release|Any CPU
		{2455AAFB-521F-484F-B00D-8A9BB7377A5E}.Release|x86.ActiveCfg = Release|Any CPU
		{2455AAFB-521F-484F-B00D-8A9BB7377A5E}.Release|x86.Build.0 = Release|Any CPU
		{C26BE57F-02A0-4DF1-B8A6-E99E948673A8}.Debug|Any CPU.ActiveCfg = Debug|Any CPU
		{C26BE57F-02A0-4DF1-B8A6-E99E948673A8}.Debug|Any CPU.Build.0 = Debug|Any CPU
		{C26BE57F-02A0-4DF1-B8A6-E99E948673A8}.Debug|x86.ActiveCfg = Debug|Any CPU
		{C26BE57F-02A0-4DF1-B8A6-E99E948673A8}.Debug|x86.Build.0 = Debug|Any CPU
		{C26BE57F-02A0-4DF1-B8A6-E99E948673A8}.net_3_5_Debug_ReadOnly|Any CPU.ActiveCfg = Debug|Any CPU
		{C26BE57F-02A0-4DF1-B8A6-E99E948673A8}.net_3_5_Debug_ReadOnly|Any CPU.Build.0 = Debug|Any CPU
		{C26BE57F-02A0-4DF1-B8A6-E99E948673A8}.net_3_5_Debug_ReadOnly|x86.ActiveCfg = Debug|Any CPU
		{C26BE57F-02A0-4DF1-B8A6-E99E948673A8}.net_3_5_Debug_ReadOnly|x86.Build.0 = Debug|Any CPU
		{C26BE57F-02A0-4DF1-B8A6-E99E948673A8}.net_3_5_Debug|Any CPU.ActiveCfg = Debug|Any CPU
		{C26BE57F-02A0-4DF1-B8A6-E99E948673A8}.net_3_5_Debug|Any CPU.Build.0 = Debug|Any CPU
		{C26BE57F-02A0-4DF1-B8A6-E99E948673A8}.net_3_5_Debug|x86.ActiveCfg = Debug|Any CPU
		{C26BE57F-02A0-4DF1-B8A6-E99E948673A8}.net_3_5_Debug|x86.Build.0 = Debug|Any CPU
		{C26BE57F-02A0-4DF1-B8A6-E99E948673A8}.net_3_5_Release_ReadOnly|Any CPU.ActiveCfg = Release|Any CPU
		{C26BE57F-02A0-4DF1-B8A6-E99E948673A8}.net_3_5_Release_ReadOnly|Any CPU.Build.0 = Release|Any CPU
		{C26BE57F-02A0-4DF1-B8A6-E99E948673A8}.net_3_5_Release_ReadOnly|x86.ActiveCfg = Release|Any CPU
		{C26BE57F-02A0-4DF1-B8A6-E99E948673A8}.net_3_5_Release_ReadOnly|x86.Build.0 = Release|Any CPU
		{C26BE57F-02A0-4DF1-B8A6-E99E948673A8}.net_3_5_Release|Any CPU.ActiveCfg = Release|Any CPU
		{C26BE57F-02A0-4DF1-B8A6-E99E948673A8}.net_3_5_Release|Any CPU.Build.0 = Release|Any CPU
		{C26BE57F-02A0-4DF1-B8A6-E99E948673A8}.net_3_5_Release|x86.ActiveCfg = Release|Any CPU
		{C26BE57F-02A0-4DF1-B8A6-E99E948673A8}.net_3_5_Release|x86.Build.0 = Release|Any CPU
		{C26BE57F-02A0-4DF1-B8A6-E99E948673A8}.net_4_0_Debug_ReadOnly|Any CPU.ActiveCfg = Debug|Any CPU
		{C26BE57F-02A0-4DF1-B8A6-E99E948673A8}.net_4_0_Debug_ReadOnly|Any CPU.Build.0 = Debug|Any CPU
		{C26BE57F-02A0-4DF1-B8A6-E99E948673A8}.net_4_0_Debug_ReadOnly|x86.ActiveCfg = Debug|Any CPU
		{C26BE57F-02A0-4DF1-B8A6-E99E948673A8}.net_4_0_Debug_ReadOnly|x86.Build.0 = Debug|Any CPU
		{C26BE57F-02A0-4DF1-B8A6-E99E948673A8}.net_4_0_Debug|Any CPU.ActiveCfg = Debug|Any CPU
		{C26BE57F-02A0-4DF1-B8A6-E99E948673A8}.net_4_0_Debug|Any CPU.Build.0 = Debug|Any CPU
		{C26BE57F-02A0-4DF1-B8A6-E99E948673A8}.net_4_0_Debug|x86.ActiveCfg = Debug|Any CPU
		{C26BE57F-02A0-4DF1-B8A6-E99E948673A8}.net_4_0_Debug|x86.Build.0 = Debug|Any CPU
		{C26BE57F-02A0-4DF1-B8A6-E99E948673A8}.net_4_0_Release_ReadOnly|Any CPU.ActiveCfg = Release|Any CPU
		{C26BE57F-02A0-4DF1-B8A6-E99E948673A8}.net_4_0_Release_ReadOnly|Any CPU.Build.0 = Release|Any CPU
		{C26BE57F-02A0-4DF1-B8A6-E99E948673A8}.net_4_0_Release_ReadOnly|x86.ActiveCfg = Release|Any CPU
		{C26BE57F-02A0-4DF1-B8A6-E99E948673A8}.net_4_0_Release_ReadOnly|x86.Build.0 = Release|Any CPU
		{C26BE57F-02A0-4DF1-B8A6-E99E948673A8}.net_4_0_Release|Any CPU.ActiveCfg = Release|Any CPU
		{C26BE57F-02A0-4DF1-B8A6-E99E948673A8}.net_4_0_Release|Any CPU.Build.0 = Release|Any CPU
		{C26BE57F-02A0-4DF1-B8A6-E99E948673A8}.net_4_0_Release|x86.ActiveCfg = Release|Any CPU
		{C26BE57F-02A0-4DF1-B8A6-E99E948673A8}.net_4_0_Release|x86.Build.0 = Release|Any CPU
		{C26BE57F-02A0-4DF1-B8A6-E99E948673A8}.net_462_Debug_ReadOnly|Any CPU.ActiveCfg = Debug|Any CPU
		{C26BE57F-02A0-4DF1-B8A6-E99E948673A8}.net_462_Debug_ReadOnly|Any CPU.Build.0 = Debug|Any CPU
		{C26BE57F-02A0-4DF1-B8A6-E99E948673A8}.net_462_Debug_ReadOnly|x86.ActiveCfg = Debug|Any CPU
		{C26BE57F-02A0-4DF1-B8A6-E99E948673A8}.net_462_Debug_ReadOnly|x86.Build.0 = Debug|Any CPU
		{C26BE57F-02A0-4DF1-B8A6-E99E948673A8}.net_462_Debug|Any CPU.ActiveCfg = Debug|Any CPU
		{C26BE57F-02A0-4DF1-B8A6-E99E948673A8}.net_462_Debug|Any CPU.Build.0 = Debug|Any CPU
		{C26BE57F-02A0-4DF1-B8A6-E99E948673A8}.net_462_Debug|x86.ActiveCfg = Debug|Any CPU
		{C26BE57F-02A0-4DF1-B8A6-E99E948673A8}.net_462_Debug|x86.Build.0 = Debug|Any CPU
		{C26BE57F-02A0-4DF1-B8A6-E99E948673A8}.net_462_Release_ReadOnly|Any CPU.ActiveCfg = Release|Any CPU
		{C26BE57F-02A0-4DF1-B8A6-E99E948673A8}.net_462_Release_ReadOnly|Any CPU.Build.0 = Release|Any CPU
		{C26BE57F-02A0-4DF1-B8A6-E99E948673A8}.net_462_Release_ReadOnly|x86.ActiveCfg = Release|Any CPU
		{C26BE57F-02A0-4DF1-B8A6-E99E948673A8}.net_462_Release_ReadOnly|x86.Build.0 = Release|Any CPU
		{C26BE57F-02A0-4DF1-B8A6-E99E948673A8}.net_462_Release|Any CPU.ActiveCfg = Release|Any CPU
		{C26BE57F-02A0-4DF1-B8A6-E99E948673A8}.net_462_Release|Any CPU.Build.0 = Release|Any CPU
		{C26BE57F-02A0-4DF1-B8A6-E99E948673A8}.net_462_Release|x86.ActiveCfg = Release|Any CPU
		{C26BE57F-02A0-4DF1-B8A6-E99E948673A8}.net_462_Release|x86.Build.0 = Release|Any CPU
		{C26BE57F-02A0-4DF1-B8A6-E99E948673A8}.netstandard_Debug_ReadOnly|Any CPU.ActiveCfg = Debug|Any CPU
		{C26BE57F-02A0-4DF1-B8A6-E99E948673A8}.netstandard_Debug_ReadOnly|Any CPU.Build.0 = Debug|Any CPU
		{C26BE57F-02A0-4DF1-B8A6-E99E948673A8}.netstandard_Debug_ReadOnly|x86.ActiveCfg = Debug|Any CPU
		{C26BE57F-02A0-4DF1-B8A6-E99E948673A8}.netstandard_Debug_ReadOnly|x86.Build.0 = Debug|Any CPU
		{C26BE57F-02A0-4DF1-B8A6-E99E948673A8}.netstandard_Debug|Any CPU.ActiveCfg = Debug|Any CPU
		{C26BE57F-02A0-4DF1-B8A6-E99E948673A8}.netstandard_Debug|Any CPU.Build.0 = Debug|Any CPU
		{C26BE57F-02A0-4DF1-B8A6-E99E948673A8}.netstandard_Debug|x86.ActiveCfg = Debug|Any CPU
		{C26BE57F-02A0-4DF1-B8A6-E99E948673A8}.netstandard_Debug|x86.Build.0 = Debug|Any CPU
		{C26BE57F-02A0-4DF1-B8A6-E99E948673A8}.netstandard_Release_ReadOnly|Any CPU.ActiveCfg = Release|Any CPU
		{C26BE57F-02A0-4DF1-B8A6-E99E948673A8}.netstandard_Release_ReadOnly|Any CPU.Build.0 = Release|Any CPU
		{C26BE57F-02A0-4DF1-B8A6-E99E948673A8}.netstandard_Release_ReadOnly|x86.ActiveCfg = Release|Any CPU
		{C26BE57F-02A0-4DF1-B8A6-E99E948673A8}.netstandard_Release_ReadOnly|x86.Build.0 = Release|Any CPU
		{C26BE57F-02A0-4DF1-B8A6-E99E948673A8}.netstandard_Release|Any CPU.ActiveCfg = Release|Any CPU
		{C26BE57F-02A0-4DF1-B8A6-E99E948673A8}.netstandard_Release|Any CPU.Build.0 = Release|Any CPU
		{C26BE57F-02A0-4DF1-B8A6-E99E948673A8}.netstandard_Release|x86.ActiveCfg = Release|Any CPU
		{C26BE57F-02A0-4DF1-B8A6-E99E948673A8}.netstandard_Release|x86.Build.0 = Release|Any CPU
		{C26BE57F-02A0-4DF1-B8A6-E99E948673A8}.Release|Any CPU.ActiveCfg = Release|Any CPU
		{C26BE57F-02A0-4DF1-B8A6-E99E948673A8}.Release|Any CPU.Build.0 = Release|Any CPU
		{C26BE57F-02A0-4DF1-B8A6-E99E948673A8}.Release|x86.ActiveCfg = Release|Any CPU
		{C26BE57F-02A0-4DF1-B8A6-E99E948673A8}.Release|x86.Build.0 = Release|Any CPU
	EndGlobalSection
	GlobalSection(SolutionProperties) = preSolution
		HideSolutionNode = FALSE
	EndGlobalSection
	GlobalSection(NestedProjects) = preSolution
		{BC2C44FC-17FE-4C58-AEEB-FA1CEAF78F55} = {FA42778E-C31B-49E8-A235-9C69EECD9427}
		{D5C6D7B6-3C87-4DA2-A2BC-B14D65964100} = {78227E23-29CF-4658-969E-1965210A11AE}
		{217AE15B-840C-4F8F-93CD-9D331AA4C81A} = {D5C6D7B6-3C87-4DA2-A2BC-B14D65964100}
		{34751CCD-6207-4623-BBF4-26CF54D3A7E8} = {78227E23-29CF-4658-969E-1965210A11AE}
		{AD304835-4DBA-49F3-A13D-F173BC828EBF} = {34751CCD-6207-4623-BBF4-26CF54D3A7E8}
		{E10FDBD8-F948-41F9-A99F-3C50CCBBA145} = {78227E23-29CF-4658-969E-1965210A11AE}
		{355E61C1-0BFA-4FF8-98A1-0457DFE595E1} = {34751CCD-6207-4623-BBF4-26CF54D3A7E8}
		{164587CA-78D9-4AEC-82C2-ACBABBA26626} = {78227E23-29CF-4658-969E-1965210A11AE}
		{2455AAFB-521F-484F-B00D-8A9BB7377A5E} = {D5C6D7B6-3C87-4DA2-A2BC-B14D65964100}
		{3E23F7B9-ED01-48CB-AD29-8D06F5B4F601} = {78227E23-29CF-4658-969E-1965210A11AE}
		{C26BE57F-02A0-4DF1-B8A6-E99E948673A8} = {3E23F7B9-ED01-48CB-AD29-8D06F5B4F601}
		{8C767F83-2663-405C-B6A0-EC71B90B60CA} = {78227E23-29CF-4658-969E-1965210A11AE}
	EndGlobalSection
	GlobalSection(ExtensibilityGlobals) = postSolution
		SolutionGuid = {CB8FB7CA-797C-4114-9BF0-8DB4DF46FE5A}
	EndGlobalSection
EndGlobal
